// !$*UTF8*$!
{
	archiveVersion = 1;
	classes = {
	};
	objectVersion = 46;
	objects = {

/* Begin PBXBuildFile section */
		332B6BDDDB42629A47CE74A5 /* libPods.a in Frameworks */ = {isa = PBXBuildFile; fileRef = CA5258FC6C49294281A591BF /* libPods.a */; };
		DB092DC81AFCE47C00122E2F /* NSObject+Macro.m in Sources */ = {isa = PBXBuildFile; fileRef = DB092DC71AFCE47C00122E2F /* NSObject+Macro.m */; };
		DB17C7F81AD3C67600927C73 /* QR.xcdatamodeld in Sources */ = {isa = PBXBuildFile; fileRef = DB17C7F61AD3C67600927C73 /* QR.xcdatamodeld */; };
		DB17C7FB1AD3D66D00927C73 /* QRURLViewController.m in Sources */ = {isa = PBXBuildFile; fileRef = DB17C7FA1AD3D66D00927C73 /* QRURLViewController.m */; };
		DB17C8031AD5599700927C73 /* QRURLTableViewCell.m in Sources */ = {isa = PBXBuildFile; fileRef = DB17C8021AD5599700927C73 /* QRURLTableViewCell.m */; };
		DB17C8061AD55E3600927C73 /* URLEntity.m in Sources */ = {isa = PBXBuildFile; fileRef = DB17C8051AD55E3600927C73 /* URLEntity.m */; };
		DBAB3EAF1AE680DC006C1528 /* QRTabBar.m in Sources */ = {isa = PBXBuildFile; fileRef = DBAB3EAE1AE680DC006C1528 /* QRTabBar.m */; };
		DBF339831ACC0D3800759534 /* main.m in Sources */ = {isa = PBXBuildFile; fileRef = DBF339821ACC0D3800759534 /* main.m */; };
		DBF339861ACC0D3800759534 /* AppDelegate.m in Sources */ = {isa = PBXBuildFile; fileRef = DBF339851ACC0D3800759534 /* AppDelegate.m */; };
		DBF339891ACC0D3800759534 /* QRCatchViewController.m in Sources */ = {isa = PBXBuildFile; fileRef = DBF339881ACC0D3800759534 /* QRCatchViewController.m */; };
		DBF3398C1ACC0D3800759534 /* Main.storyboard in Resources */ = {isa = PBXBuildFile; fileRef = DBF3398A1ACC0D3800759534 /* Main.storyboard */; };
		DBF3398E1ACC0D3800759534 /* Images.xcassets in Resources */ = {isa = PBXBuildFile; fileRef = DBF3398D1ACC0D3800759534 /* Images.xcassets */; };
		DBF339911ACC0D3800759534 /* LaunchScreen.xib in Resources */ = {isa = PBXBuildFile; fileRef = DBF3398F1ACC0D3800759534 /* LaunchScreen.xib */; };
		DBF3399D1ACC0D3800759534 /* QRCatcherTests.m in Sources */ = {isa = PBXBuildFile; fileRef = DBF3399C1ACC0D3800759534 /* QRCatcherTests.m */; };
		DBF339A91ACC177700759534 /* NSString+Tools.m in Sources */ = {isa = PBXBuildFile; fileRef = DBF339A81ACC177700759534 /* NSString+Tools.m */; };
/* End PBXBuildFile section */

/* Begin PBXContainerItemProxy section */
		DBF339971ACC0D3800759534 /* PBXContainerItemProxy */ = {
			isa = PBXContainerItemProxy;
			containerPortal = DBF339751ACC0D3800759534 /* Project object */;
			proxyType = 1;
			remoteGlobalIDString = DBF3397C1ACC0D3800759534;
			remoteInfo = QRCatcher;
		};
/* End PBXContainerItemProxy section */

/* Begin PBXFileReference section */
		078476E85F6E3CAB13228FAC /* Pods.debug.xcconfig */ = {isa = PBXFileReference; includeInIndex = 1; lastKnownFileType = text.xcconfig; name = Pods.debug.xcconfig; path = "Pods/Target Support Files/Pods/Pods.debug.xcconfig"; sourceTree = "<group>"; };
		91E596DEBB584AB6FB28BE8D /* Pods.release.xcconfig */ = {isa = PBXFileReference; includeInIndex = 1; lastKnownFileType = text.xcconfig; name = Pods.release.xcconfig; path = "Pods/Target Support Files/Pods/Pods.release.xcconfig"; sourceTree = "<group>"; };
		CA5258FC6C49294281A591BF /* libPods.a */ = {isa = PBXFileReference; explicitFileType = archive.ar; includeInIndex = 0; path = libPods.a; sourceTree = BUILT_PRODUCTS_DIR; };
		DB092DC61AFCE47C00122E2F /* NSObject+Macro.h */ = {isa = PBXFileReference; fileEncoding = 4; lastKnownFileType = sourcecode.c.h; path = "NSObject+Macro.h"; sourceTree = "<group>"; };
		DB092DC71AFCE47C00122E2F /* NSObject+Macro.m */ = {isa = PBXFileReference; fileEncoding = 4; lastKnownFileType = sourcecode.c.objc; path = "NSObject+Macro.m"; sourceTree = "<group>"; };
		DB17C7F71AD3C67600927C73 /* QR.xcdatamodel */ = {isa = PBXFileReference; lastKnownFileType = wrapper.xcdatamodel; path = QR.xcdatamodel; sourceTree = "<group>"; };
		DB17C7F91AD3D66D00927C73 /* QRURLViewController.h */ = {isa = PBXFileReference; fileEncoding = 4; lastKnownFileType = sourcecode.c.h; path = QRURLViewController.h; sourceTree = "<group>"; };
		DB17C7FA1AD3D66D00927C73 /* QRURLViewController.m */ = {isa = PBXFileReference; fileEncoding = 4; lastKnownFileType = sourcecode.c.objc; path = QRURLViewController.m; sourceTree = "<group>"; };
		DB17C8011AD5599700927C73 /* QRURLTableViewCell.h */ = {isa = PBXFileReference; fileEncoding = 4; lastKnownFileType = sourcecode.c.h; path = QRURLTableViewCell.h; sourceTree = "<group>"; };
		DB17C8021AD5599700927C73 /* QRURLTableViewCell.m */ = {isa = PBXFileReference; fileEncoding = 4; lastKnownFileType = sourcecode.c.objc; path = QRURLTableViewCell.m; sourceTree = "<group>"; };
		DB17C8041AD55E3600927C73 /* URLEntity.h */ = {isa = PBXFileReference; fileEncoding = 4; lastKnownFileType = sourcecode.c.h; path = URLEntity.h; sourceTree = "<group>"; };
		DB17C8051AD55E3600927C73 /* URLEntity.m */ = {isa = PBXFileReference; fileEncoding = 4; lastKnownFileType = sourcecode.c.objc; path = URLEntity.m; sourceTree = "<group>"; };
		DBAB3EAD1AE680DC006C1528 /* QRTabBar.h */ = {isa = PBXFileReference; fileEncoding = 4; lastKnownFileType = sourcecode.c.h; path = QRTabBar.h; sourceTree = "<group>"; };
		DBAB3EAE1AE680DC006C1528 /* QRTabBar.m */ = {isa = PBXFileReference; fileEncoding = 4; lastKnownFileType = sourcecode.c.objc; path = QRTabBar.m; sourceTree = "<group>"; };
		DBF3397D1ACC0D3800759534 /* QRCatcher.app */ = {isa = PBXFileReference; explicitFileType = wrapper.application; includeInIndex = 0; path = QRCatcher.app; sourceTree = BUILT_PRODUCTS_DIR; };
		DBF339811ACC0D3800759534 /* Info.plist */ = {isa = PBXFileReference; lastKnownFileType = text.plist.xml; path = Info.plist; sourceTree = "<group>"; };
		DBF339821ACC0D3800759534 /* main.m */ = {isa = PBXFileReference; lastKnownFileType = sourcecode.c.objc; path = main.m; sourceTree = "<group>"; };
		DBF339841ACC0D3800759534 /* AppDelegate.h */ = {isa = PBXFileReference; lastKnownFileType = sourcecode.c.h; path = AppDelegate.h; sourceTree = "<group>"; };
		DBF339851ACC0D3800759534 /* AppDelegate.m */ = {isa = PBXFileReference; lastKnownFileType = sourcecode.c.objc; path = AppDelegate.m; sourceTree = "<group>"; };
		DBF339871ACC0D3800759534 /* QRCatchViewController.h */ = {isa = PBXFileReference; lastKnownFileType = sourcecode.c.h; path = QRCatchViewController.h; sourceTree = "<group>"; };
		DBF339881ACC0D3800759534 /* QRCatchViewController.m */ = {isa = PBXFileReference; lastKnownFileType = sourcecode.c.objc; path = QRCatchViewController.m; sourceTree = "<group>"; };
		DBF3398B1ACC0D3800759534 /* Base */ = {isa = PBXFileReference; lastKnownFileType = file.storyboard; name = Base; path = Base.lproj/Main.storyboard; sourceTree = "<group>"; };
		DBF3398D1ACC0D3800759534 /* Images.xcassets */ = {isa = PBXFileReference; lastKnownFileType = folder.assetcatalog; path = Images.xcassets; sourceTree = "<group>"; };
		DBF339901ACC0D3800759534 /* Base */ = {isa = PBXFileReference; lastKnownFileType = file.xib; name = Base; path = Base.lproj/LaunchScreen.xib; sourceTree = "<group>"; };
		DBF339961ACC0D3800759534 /* QRCatcherTests.xctest */ = {isa = PBXFileReference; explicitFileType = wrapper.cfbundle; includeInIndex = 0; path = QRCatcherTests.xctest; sourceTree = BUILT_PRODUCTS_DIR; };
		DBF3399B1ACC0D3800759534 /* Info.plist */ = {isa = PBXFileReference; lastKnownFileType = text.plist.xml; path = Info.plist; sourceTree = "<group>"; };
		DBF3399C1ACC0D3800759534 /* QRCatcherTests.m */ = {isa = PBXFileReference; lastKnownFileType = sourcecode.c.objc; path = QRCatcherTests.m; sourceTree = "<group>"; };
		DBF339A71ACC177700759534 /* NSString+Tools.h */ = {isa = PBXFileReference; fileEncoding = 4; lastKnownFileType = sourcecode.c.h; path = "NSString+Tools.h"; sourceTree = "<group>"; };
		DBF339A81ACC177700759534 /* NSString+Tools.m */ = {isa = PBXFileReference; fileEncoding = 4; lastKnownFileType = sourcecode.c.objc; path = "NSString+Tools.m"; sourceTree = "<group>"; };
/* End PBXFileReference section */

/* Begin PBXFrameworksBuildPhase section */
		DBF3397A1ACC0D3800759534 /* Frameworks */ = {
			isa = PBXFrameworksBuildPhase;
			buildActionMask = 2147483647;
			files = (
				332B6BDDDB42629A47CE74A5 /* libPods.a in Frameworks */,
			);
			runOnlyForDeploymentPostprocessing = 0;
		};
		DBF339931ACC0D3800759534 /* Frameworks */ = {
			isa = PBXFrameworksBuildPhase;
			buildActionMask = 2147483647;
			files = (
			);
			runOnlyForDeploymentPostprocessing = 0;
		};
/* End PBXFrameworksBuildPhase section */

/* Begin PBXGroup section */
		4F88D53E6BCEBC6DAC9020F2 /* Frameworks */ = {
			isa = PBXGroup;
			children = (
				CA5258FC6C49294281A591BF /* libPods.a */,
			);
			name = Frameworks;
			sourceTree = "<group>";
		};
		53DE479210C6C384B549EDE0 /* Pods */ = {
			isa = PBXGroup;
			children = (
				078476E85F6E3CAB13228FAC /* Pods.debug.xcconfig */,
				91E596DEBB584AB6FB28BE8D /* Pods.release.xcconfig */,
			);
			name = Pods;
			sourceTree = "<group>";
		};
		DB17C7F51AD3C65C00927C73 /* Model */ = {
			isa = PBXGroup;
			children = (
				DB17C7F61AD3C67600927C73 /* QR.xcdatamodeld */,
				DB17C8041AD55E3600927C73 /* URLEntity.h */,
				DB17C8051AD55E3600927C73 /* URLEntity.m */,
			);
			name = Model;
			sourceTree = "<group>";
		};
		DB17C7FF1AD5596000927C73 /* Controller */ = {
			isa = PBXGroup;
			children = (
				DBF339871ACC0D3800759534 /* QRCatchViewController.h */,
				DBF339881ACC0D3800759534 /* QRCatchViewController.m */,
				DB17C7F91AD3D66D00927C73 /* QRURLViewController.h */,
				DB17C7FA1AD3D66D00927C73 /* QRURLViewController.m */,
			);
			name = Controller;
			sourceTree = "<group>";
		};
		DB17C8001AD5597500927C73 /* View */ = {
			isa = PBXGroup;
			children = (
				DB17C8011AD5599700927C73 /* QRURLTableViewCell.h */,
				DB17C8021AD5599700927C73 /* QRURLTableViewCell.m */,
				DBAB3EAD1AE680DC006C1528 /* QRTabBar.h */,
				DBAB3EAE1AE680DC006C1528 /* QRTabBar.m */,
			);
			name = View;
			sourceTree = "<group>";
		};
		DBF339741ACC0D3800759534 = {
			isa = PBXGroup;
			children = (
				DBF3397F1ACC0D3800759534 /* QRCatcher */,
				DBF339991ACC0D3800759534 /* QRCatcherTests */,
				DBF3397E1ACC0D3800759534 /* Products */,
				53DE479210C6C384B549EDE0 /* Pods */,
				4F88D53E6BCEBC6DAC9020F2 /* Frameworks */,
			);
			sourceTree = "<group>";
		};
		DBF3397E1ACC0D3800759534 /* Products */ = {
			isa = PBXGroup;
			children = (
				DBF3397D1ACC0D3800759534 /* QRCatcher.app */,
				DBF339961ACC0D3800759534 /* QRCatcherTests.xctest */,
			);
			name = Products;
			sourceTree = "<group>";
		};
		DBF3397F1ACC0D3800759534 /* QRCatcher */ = {
			isa = PBXGroup;
			children = (
				DB17C7F51AD3C65C00927C73 /* Model */,
				DB17C8001AD5597500927C73 /* View */,
				DB17C7FF1AD5596000927C73 /* Controller */,
				DBF339A61ACC176B00759534 /* Tools */,
				DBF339841ACC0D3800759534 /* AppDelegate.h */,
				DBF339851ACC0D3800759534 /* AppDelegate.m */,
				DBF3398A1ACC0D3800759534 /* Main.storyboard */,
				DBF3398F1ACC0D3800759534 /* LaunchScreen.xib */,
				DBF3398D1ACC0D3800759534 /* Images.xcassets */,
				DBF339801ACC0D3800759534 /* Supporting Files */,
			);
			path = QRCatcher;
			sourceTree = "<group>";
		};
		DBF339801ACC0D3800759534 /* Supporting Files */ = {
			isa = PBXGroup;
			children = (
				DBF339811ACC0D3800759534 /* Info.plist */,
				DBF339821ACC0D3800759534 /* main.m */,
			);
			name = "Supporting Files";
			sourceTree = "<group>";
		};
		DBF339991ACC0D3800759534 /* QRCatcherTests */ = {
			isa = PBXGroup;
			children = (
				DBF3399C1ACC0D3800759534 /* QRCatcherTests.m */,
				DBF3399A1ACC0D3800759534 /* Supporting Files */,
			);
			path = QRCatcherTests;
			sourceTree = "<group>";
		};
		DBF3399A1ACC0D3800759534 /* Supporting Files */ = {
			isa = PBXGroup;
			children = (
				DBF3399B1ACC0D3800759534 /* Info.plist */,
			);
			name = "Supporting Files";
			sourceTree = "<group>";
		};
		DBF339A61ACC176B00759534 /* Tools */ = {
			isa = PBXGroup;
			children = (
				DBF339A71ACC177700759534 /* NSString+Tools.h */,
				DBF339A81ACC177700759534 /* NSString+Tools.m */,
				DB092DC61AFCE47C00122E2F /* NSObject+Macro.h */,
				DB092DC71AFCE47C00122E2F /* NSObject+Macro.m */,
			);
			name = Tools;
			sourceTree = "<group>";
		};
/* End PBXGroup section */

/* Begin PBXNativeTarget section */
		DBF3397C1ACC0D3800759534 /* QRCatcher */ = {
			isa = PBXNativeTarget;
			buildConfigurationList = DBF339A01ACC0D3800759534 /* Build configuration list for PBXNativeTarget "QRCatcher" */;
			buildPhases = (
				EEB2AD87757305F11E2E1DAA /* Check Pods Manifest.lock */,
				DBF339791ACC0D3800759534 /* Sources */,
				DBF3397A1ACC0D3800759534 /* Frameworks */,
				DBF3397B1ACC0D3800759534 /* Resources */,
				B8EBF1D4B4CC4A9F0481568F /* Copy Pods Resources */,
			);
			buildRules = (
			);
			dependencies = (
			);
			name = QRCatcher;
			productName = QRCatcher;
			productReference = DBF3397D1ACC0D3800759534 /* QRCatcher.app */;
			productType = "com.apple.product-type.application";
		};
		DBF339951ACC0D3800759534 /* QRCatcherTests */ = {
			isa = PBXNativeTarget;
			buildConfigurationList = DBF339A31ACC0D3800759534 /* Build configuration list for PBXNativeTarget "QRCatcherTests" */;
			buildPhases = (
				DBF339921ACC0D3800759534 /* Sources */,
				DBF339931ACC0D3800759534 /* Frameworks */,
				DBF339941ACC0D3800759534 /* Resources */,
			);
			buildRules = (
			);
			dependencies = (
				DBF339981ACC0D3800759534 /* PBXTargetDependency */,
			);
			name = QRCatcherTests;
			productName = QRCatcherTests;
			productReference = DBF339961ACC0D3800759534 /* QRCatcherTests.xctest */;
			productType = "com.apple.product-type.bundle.unit-test";
		};
/* End PBXNativeTarget section */

/* Begin PBXProject section */
		DBF339751ACC0D3800759534 /* Project object */ = {
			isa = PBXProject;
			attributes = {
				LastUpgradeCheck = 0620;
				ORGANIZATIONNAME = Mango;
				TargetAttributes = {
					DBF3397C1ACC0D3800759534 = {
						CreatedOnToolsVersion = 6.2;
					};
					DBF339951ACC0D3800759534 = {
						CreatedOnToolsVersion = 6.2;
						TestTargetID = DBF3397C1ACC0D3800759534;
					};
				};
			};
			buildConfigurationList = DBF339781ACC0D3800759534 /* Build configuration list for PBXProject "QRCatcher" */;
			compatibilityVersion = "Xcode 3.2";
			developmentRegion = English;
			hasScannedForEncodings = 0;
			knownRegions = (
				en,
				Base,
			);
			mainGroup = DBF339741ACC0D3800759534;
			productRefGroup = DBF3397E1ACC0D3800759534 /* Products */;
			projectDirPath = "";
			projectRoot = "";
			targets = (
				DBF3397C1ACC0D3800759534 /* QRCatcher */,
				DBF339951ACC0D3800759534 /* QRCatcherTests */,
			);
		};
/* End PBXProject section */

/* Begin PBXResourcesBuildPhase section */
		DBF3397B1ACC0D3800759534 /* Resources */ = {
			isa = PBXResourcesBuildPhase;
			buildActionMask = 2147483647;
			files = (
				DBF3398C1ACC0D3800759534 /* Main.storyboard in Resources */,
				DBF339911ACC0D3800759534 /* LaunchScreen.xib in Resources */,
				DBF3398E1ACC0D3800759534 /* Images.xcassets in Resources */,
			);
			runOnlyForDeploymentPostprocessing = 0;
		};
		DBF339941ACC0D3800759534 /* Resources */ = {
			isa = PBXResourcesBuildPhase;
			buildActionMask = 2147483647;
			files = (
			);
			runOnlyForDeploymentPostprocessing = 0;
		};
/* End PBXResourcesBuildPhase section */

/* Begin PBXShellScriptBuildPhase section */
		B8EBF1D4B4CC4A9F0481568F /* Copy Pods Resources */ = {
			isa = PBXShellScriptBuildPhase;
			buildActionMask = 2147483647;
			files = (
			);
			inputPaths = (
			);
			name = "Copy Pods Resources";
			outputPaths = (
			);
			runOnlyForDeploymentPostprocessing = 0;
			shellPath = /bin/sh;
			shellScript = "\"${SRCROOT}/Pods/Target Support Files/Pods/Pods-resources.sh\"\n";
			showEnvVarsInLog = 0;
		};
		EEB2AD87757305F11E2E1DAA /* Check Pods Manifest.lock */ = {
			isa = PBXShellScriptBuildPhase;
			buildActionMask = 2147483647;
			files = (
			);
			inputPaths = (
			);
			name = "Check Pods Manifest.lock";
			outputPaths = (
			);
			runOnlyForDeploymentPostprocessing = 0;
			shellPath = /bin/sh;
			shellScript = "diff \"${PODS_ROOT}/../Podfile.lock\" \"${PODS_ROOT}/Manifest.lock\" > /dev/null\nif [[ $? != 0 ]] ; then\n    cat << EOM\nerror: The sandbox is not in sync with the Podfile.lock. Run 'pod install' or update your CocoaPods installation.\nEOM\n    exit 1\nfi\n";
			showEnvVarsInLog = 0;
		};
/* End PBXShellScriptBuildPhase section */

/* Begin PBXSourcesBuildPhase section */
		DBF339791ACC0D3800759534 /* Sources */ = {
			isa = PBXSourcesBuildPhase;
			buildActionMask = 2147483647;
			files = (
				DBAB3EAF1AE680DC006C1528 /* QRTabBar.m in Sources */,
				DB17C8031AD5599700927C73 /* QRURLTableViewCell.m in Sources */,
				DBF339891ACC0D3800759534 /* QRCatchViewController.m in Sources */,
				DBF339861ACC0D3800759534 /* AppDelegate.m in Sources */,
				DB17C7F81AD3C67600927C73 /* QR.xcdatamodeld in Sources */,
				DB17C7FB1AD3D66D00927C73 /* QRURLViewController.m in Sources */,
				DB092DC81AFCE47C00122E2F /* NSObject+Macro.m in Sources */,
				DBF339831ACC0D3800759534 /* main.m in Sources */,
				DB17C8061AD55E3600927C73 /* URLEntity.m in Sources */,
				DBF339A91ACC177700759534 /* NSString+Tools.m in Sources */,
			);
			runOnlyForDeploymentPostprocessing = 0;
		};
		DBF339921ACC0D3800759534 /* Sources */ = {
			isa = PBXSourcesBuildPhase;
			buildActionMask = 2147483647;
			files = (
				DBF3399D1ACC0D3800759534 /* QRCatcherTests.m in Sources */,
			);
			runOnlyForDeploymentPostprocessing = 0;
		};
/* End PBXSourcesBuildPhase section */

/* Begin PBXTargetDependency section */
		DBF339981ACC0D3800759534 /* PBXTargetDependency */ = {
			isa = PBXTargetDependency;
			target = DBF3397C1ACC0D3800759534 /* QRCatcher */;
			targetProxy = DBF339971ACC0D3800759534 /* PBXContainerItemProxy */;
		};
/* End PBXTargetDependency section */

/* Begin PBXVariantGroup section */
		DBF3398A1ACC0D3800759534 /* Main.storyboard */ = {
			isa = PBXVariantGroup;
			children = (
				DBF3398B1ACC0D3800759534 /* Base */,
			);
			name = Main.storyboard;
			sourceTree = "<group>";
		};
		DBF3398F1ACC0D3800759534 /* LaunchScreen.xib */ = {
			isa = PBXVariantGroup;
			children = (
				DBF339901ACC0D3800759534 /* Base */,
			);
			name = LaunchScreen.xib;
			sourceTree = "<group>";
		};
/* End PBXVariantGroup section */

/* Begin XCBuildConfiguration section */
		DBF3399E1ACC0D3800759534 /* Debug */ = {
			isa = XCBuildConfiguration;
			buildSettings = {
				ALWAYS_SEARCH_USER_PATHS = NO;
				CLANG_CXX_LANGUAGE_STANDARD = "gnu++0x";
				CLANG_CXX_LIBRARY = "libc++";
				CLANG_ENABLE_MODULES = YES;
				CLANG_ENABLE_OBJC_ARC = YES;
				CLANG_WARN_BOOL_CONVERSION = YES;
				CLANG_WARN_CONSTANT_CONVERSION = YES;
				CLANG_WARN_DIRECT_OBJC_ISA_USAGE = YES_ERROR;
				CLANG_WARN_EMPTY_BODY = YES;
				CLANG_WARN_ENUM_CONVERSION = YES;
				CLANG_WARN_INT_CONVERSION = YES;
				CLANG_WARN_OBJC_ROOT_CLASS = YES_ERROR;
				CLANG_WARN_UNREACHABLE_CODE = YES;
				CLANG_WARN__DUPLICATE_METHOD_MATCH = YES;
				"CODE_SIGN_IDENTITY[sdk=iphoneos*]" = "iPhone Developer";
				COPY_PHASE_STRIP = NO;
				ENABLE_STRICT_OBJC_MSGSEND = YES;
				GCC_C_LANGUAGE_STANDARD = gnu99;
				GCC_DYNAMIC_NO_PIC = NO;
				GCC_OPTIMIZATION_LEVEL = 0;
				GCC_PREPROCESSOR_DEFINITIONS = (
					"DEBUG=1",
					"$(inherited)",
				);
				GCC_SYMBOLS_PRIVATE_EXTERN = NO;
				GCC_WARN_64_TO_32_BIT_CONVERSION = YES;
				GCC_WARN_ABOUT_RETURN_TYPE = YES_ERROR;
				GCC_WARN_UNDECLARED_SELECTOR = YES;
				GCC_WARN_UNINITIALIZED_AUTOS = YES_AGGRESSIVE;
				GCC_WARN_UNUSED_FUNCTION = YES;
				GCC_WARN_UNUSED_VARIABLE = YES;
				IPHONEOS_DEPLOYMENT_TARGET = 8.2;
				MTL_ENABLE_DEBUG_INFO = YES;
				ONLY_ACTIVE_ARCH = YES;
				SDKROOT = iphoneos;
			};
			name = Debug;
		};
		DBF3399F1ACC0D3800759534 /* Release */ = {
			isa = XCBuildConfiguration;
			buildSettings = {
				ALWAYS_SEARCH_USER_PATHS = NO;
				CLANG_CXX_LANGUAGE_STANDARD = "gnu++0x";
				CLANG_CXX_LIBRARY = "libc++";
				CLANG_ENABLE_MODULES = YES;
				CLANG_ENABLE_OBJC_ARC = YES;
				CLANG_WARN_BOOL_CONVERSION = YES;
				CLANG_WARN_CONSTANT_CONVERSION = YES;
				CLANG_WARN_DIRECT_OBJC_ISA_USAGE = YES_ERROR;
				CLANG_WARN_EMPTY_BODY = YES;
				CLANG_WARN_ENUM_CONVERSION = YES;
				CLANG_WARN_INT_CONVERSION = YES;
				CLANG_WARN_OBJC_ROOT_CLASS = YES_ERROR;
				CLANG_WARN_UNREACHABLE_CODE = YES;
				CLANG_WARN__DUPLICATE_METHOD_MATCH = YES;
				"CODE_SIGN_IDENTITY[sdk=iphoneos*]" = "iPhone Developer";
				COPY_PHASE_STRIP = NO;
				ENABLE_NS_ASSERTIONS = NO;
				ENABLE_STRICT_OBJC_MSGSEND = YES;
				GCC_C_LANGUAGE_STANDARD = gnu99;
				GCC_WARN_64_TO_32_BIT_CONVERSION = YES;
				GCC_WARN_ABOUT_RETURN_TYPE = YES_ERROR;
				GCC_WARN_UNDECLARED_SELECTOR = YES;
				GCC_WARN_UNINITIALIZED_AUTOS = YES_AGGRESSIVE;
				GCC_WARN_UNUSED_FUNCTION = YES;
				GCC_WARN_UNUSED_VARIABLE = YES;
				IPHONEOS_DEPLOYMENT_TARGET = 8.2;
				MTL_ENABLE_DEBUG_INFO = NO;
				SDKROOT = iphoneos;
				VALIDATE_PRODUCT = YES;
			};
			name = Release;
		};
		DBF339A11ACC0D3800759534 /* Debug */ = {
			isa = XCBuildConfiguration;
			baseConfigurationReference = 078476E85F6E3CAB13228FAC /* Pods.debug.xcconfig */;
			buildSettings = {
				ASSETCATALOG_COMPILER_APPICON_NAME = AppIcon;
				INFOPLIST_FILE = QRCatcher/Info.plist;
				LD_RUNPATH_SEARCH_PATHS = "$(inherited) @executable_path/Frameworks";
				PRODUCT_NAME = "$(TARGET_NAME)";
			};
			name = Debug;
		};
		DBF339A21ACC0D3800759534 /* Release */ = {
			isa = XCBuildConfiguration;
			baseConfigurationReference = 91E596DEBB584AB6FB28BE8D /* Pods.release.xcconfig */;
			buildSettings = {
				ASSETCATALOG_COMPILER_APPICON_NAME = AppIcon;
				INFOPLIST_FILE = QRCatcher/Info.plist;
				LD_RUNPATH_SEARCH_PATHS = "$(inherited) @executable_path/Frameworks";
				PRODUCT_NAME = "$(TARGET_NAME)";
			};
			name = Release;
		};
		DBF339A41ACC0D3800759534 /* Debug */ = {
			isa = XCBuildConfiguration;
			buildSettings = {
				BUNDLE_LOADER = "$(TEST_HOST)";
				FRAMEWORK_SEARCH_PATHS = (
					"$(SDKROOT)/Developer/Library/Frameworks",
					"$(inherited)",
				);
				GCC_PREPROCESSOR_DEFINITIONS = (
					"DEBUG=1",
					"$(inherited)",
				);
				INFOPLIST_FILE = QRCatcherTests/Info.plist;
				LD_RUNPATH_SEARCH_PATHS = "$(inherited) @executable_path/Frameworks @loader_path/Frameworks";
				PRODUCT_NAME = "$(TARGET_NAME)";
				TEST_HOST = "$(BUILT_PRODUCTS_DIR)/QRCatcher.app/QRCatcher";
			};
			name = Debug;
		};
		DBF339A51ACC0D3800759534 /* Release */ = {
			isa = XCBuildConfiguration;
			buildSettings = {
				BUNDLE_LOADER = "$(TEST_HOST)";
				FRAMEWORK_SEARCH_PATHS = (
					"$(SDKROOT)/Developer/Library/Frameworks",
					"$(inherited)",
				);
				INFOPLIST_FILE = QRCatcherTests/Info.plist;
				LD_RUNPATH_SEARCH_PATHS = "$(inherited) @executable_path/Frameworks @loader_path/Frameworks";
				PRODUCT_NAME = "$(TARGET_NAME)";
				TEST_HOST = "$(BUILT_PRODUCTS_DIR)/QRCatcher.app/QRCatcher";
			};
			name = Release;
		};
/* End XCBuildConfiguration section */

/* Begin XCConfigurationList section */
		DBF339781ACC0D3800759534 /* Build configuration list for PBXProject "QRCatcher" */ = {
			isa = XCConfigurationList;
			buildConfigurations = (
				DBF3399E1ACC0D3800759534 /* Debug */,
				DBF3399F1ACC0D3800759534 /* Release */,
			);
			defaultConfigurationIsVisible = 0;
			defaultConfigurationName = Release;
		};
		DBF339A01ACC0D3800759534 /* Build configuration list for PBXNativeTarget "QRCatcher" */ = {
			isa = XCConfigurationList;
			buildConfigurations = (
				DBF339A11ACC0D3800759534 /* Debug */,
				DBF339A21ACC0D3800759534 /* Release */,
			);
			defaultConfigurationIsVisible = 0;
			defaultConfigurationName = Release;
		};
		DBF339A31ACC0D3800759534 /* Build configuration list for PBXNativeTarget "QRCatcherTests" */ = {
			isa = XCConfigurationList;
			buildConfigurations = (
				DBF339A41ACC0D3800759534 /* Debug */,
				DBF339A51ACC0D3800759534 /* Release */,
			);
			defaultConfigurationIsVisible = 0;
			defaultConfigurationName = Release;
		};
/* End XCConfigurationList section */

/* Begin XCVersionGroup section */
		DB17C7F61AD3C67600927C73 /* QR.xcdatamodeld */ = {
			isa = XCVersionGroup;
			children = (
				DB17C7F71AD3C67600927C73 /* QR.xcdatamodel */,
			);
			currentVersion = DB17C7F71AD3C67600927C73 /* QR.xcdatamodel */;
			path = QR.xcdatamodeld;
			sourceTree = "<group>";
			versionGroupType = wrapper.xcdatamodel;
		};
/* End XCVersionGroup section */
	};
	rootObject = DBF339751ACC0D3800759534 /* Project object */;
}
