// !$*UTF8*$!
{
"archiveVersion" = 1;
"classes" = {
};
"objectVersion" = 56;
"objects" = {
"3F7FE6D81FE1D4F4E799A850" = {
"isa" = "PBXFileReference";
"lastKnownFileType" = "sourcecode.c.h";
"path" = "Shared/Domain/QRPayload.h";
"sourceTree" = "<group>";
};
"8BB039E5BB6A661CA5324D6D" = {
"isa" = "PBXFileReference";
"lastKnownFileType" = "sourcecode.c.objc";
"path" = "Shared/Domain/QRPayload.m";
"sourceTree" = "<group>";
};
"4E491B841D544FD9B037C269" = {
"isa" = "PBXBuildFile";
"fileRef" = "8BB039E5BB6A661CA5324D6D";
};
"63A16FE19ADC1BF5FE7BB9C1" = {
"isa" = "PBXFileReference";
"lastKnownFileType" = "sourcecode.c.h";
"path" = "Shared/Image/QRImageCodec.h";
"sourceTree" = "<group>";
};
"01C646F0E5AF845D09D8CA90" = {
"isa" = "PBXFileReference";
"lastKnownFileType" = "sourcecode.c.objc";
"path" = "Shared/Image/QRImageCodec.m";
"sourceTree" = "<group>";
};
"9B800BA5FDFFBACCA8FB989A" = {
"isa" = "PBXBuildFile";
"fileRef" = "01C646F0E5AF845D09D8CA90";
};
"6CB481FD30A5283ED0ED6756" = {
"isa" = "PBXFileReference";
"lastKnownFileType" = "sourcecode.c.h";
"path" = "Shared/Image/QRImageImportQueue.h";
"sourceTree" = "<group>";
};
"63E59C82CD05204687BB042C" = {
"isa" = "PBXFileReference";
"lastKnownFileType" = "sourcecode.c.objc";
"path" = "Shared/Image/QRImageImportQueue.m";
"sourceTree" = "<group>";
};
"FD0F6C684C129199F6E167D3" = {
"isa" = "PBXBuildFile";
"fileRef" = "63E59C82CD05204687BB042C";
};
"37132CF9D3E5BE31201ED554" = {
"isa" = "PBXFileReference";
"lastKnownFileType" = "sourcecode.swift";
"path" = "Shared/Services/QRDecodeWorker.swift";
"sourceTree" = "<group>";
};
"FF552536EE8CC4ED22FDA606" = {
"isa" = "PBXBuildFile";
"fileRef" = "37132CF9D3E5BE31201ED554";
};
"F4E535FB1A7F08BA622DA860" = {
"isa" = "PBXFileReference";
"lastKnownFileType" = "sourcecode.swift";
"path" = "Shared/Services/QRHistoryLocations.swift";
"sourceTree" = "<group>";
};
"02A42306E88B5ACA3343004A" = {
"isa" = "PBXBuildFile";
"fileRef" = "F4E535FB1A7F08BA622DA860";
};
"72EA1010F30CBBB0DBCCF27A" = {
"isa" = "PBXFileReference";
"lastKnownFileType" = "sourcecode.swift";
"path" = "Shared/Services/QRPrivacyText.swift";
"sourceTree" = "<group>";
};
"B629EC0139F2224428AB3864" = {
"isa" = "PBXBuildFile";
"fileRef" = "72EA1010F30CBBB0DBCCF27A";
};
"768A3FF69F7211E2E0C56F98" = {
"isa" = "PBXFileReference";
"lastKnownFileType" = "sourcecode.c.h";
"path" = "QRCatcher/AppDelegate.h";
"sourceTree" = "<group>";
};
"CA802BF6CC0107AF5A2DBFF3" = {
"isa" = "PBXFileReference";
"lastKnownFileType" = "sourcecode.c.objc";
"path" = "QRCatcher/AppDelegate.m";
"sourceTree" = "<group>";
};
"2A2DFF9A02C6620082133D49" = {
"isa" = "PBXBuildFile";
"fileRef" = "CA802BF6CC0107AF5A2DBFF3";
};
"9E8D584597A033EE5FDE5655" = {
"isa" = "PBXFileReference";
"lastKnownFileType" = "sourcecode.c.h";
"path" = "QRCatcher/NSObject+Macro.h";
"sourceTree" = "<group>";
};
"C5997679FF81405B37D7300D" = {
"isa" = "PBXFileReference";
"lastKnownFileType" = "sourcecode.c.objc";
"path" = "QRCatcher/NSObject+Macro.m";
"sourceTree" = "<group>";
};
"7A7DC5708785165109EFEFE3" = {
"isa" = "PBXBuildFile";
"fileRef" = "C5997679FF81405B37D7300D";
};
"6A58DA3C8FA057EA921E9DFD" = {
"isa" = "PBXFileReference";
"lastKnownFileType" = "sourcecode.c.h";
"path" = "QRCatcher/NSString+Tools.h";
"sourceTree" = "<group>";
};
"6F367D57990C0A68637267EC" = {
"isa" = "PBXFileReference";
"lastKnownFileType" = "sourcecode.c.objc";
"path" = "QRCatcher/NSString+Tools.m";
"sourceTree" = "<group>";
};
"21E1CB4EB9BB9645282180FF" = {
"isa" = "PBXBuildFile";
"fileRef" = "6F367D57990C0A68637267EC";
};
"5A4421732054B730F34BAF4C" = {
"isa" = "PBXFileReference";
"lastKnownFileType" = "sourcecode.c.h";
"path" = "QRCatcher/QRActionButton.h";
"sourceTree" = "<group>";
};
"80C650C6F90F9E173F952199" = {
"isa" = "PBXFileReference";
"lastKnownFileType" = "sourcecode.c.objc";
"path" = "QRCatcher/QRActionButton.m";
"sourceTree" = "<group>";
};
"B9EDB420935C80B9E733A8D7" = {
"isa" = "PBXBuildFile";
"fileRef" = "80C650C6F90F9E173F952199";
};
"791C20ADBA0548AE396498A9" = {
"isa" = "PBXFileReference";
"lastKnownFileType" = "sourcecode.c.h";
"path" = "QRCatcher/QRCatchViewController.h";
"sourceTree" = "<group>";
};
"42BD4028C9B93AA2F483BC6A" = {
"isa" = "PBXFileReference";
"lastKnownFileType" = "sourcecode.c.objc";
"path" = "QRCatcher/QRCatchViewController.m";
"sourceTree" = "<group>";
};
"85A48CE545F0CC26C53C6DE2" = {
"isa" = "PBXBuildFile";
"fileRef" = "42BD4028C9B93AA2F483BC6A";
};
"08EE836E94CB10F22213169D" = {
"isa" = "PBXFileReference";
"lastKnownFileType" = "sourcecode.c.h";
"path" = "QRCatcher/QRCodeCodec.h";
"sourceTree" = "<group>";
};
"9DBD0C334ADE477406BFE7E9" = {
"isa" = "PBXFileReference";
"lastKnownFileType" = "sourcecode.c.objc";
"path" = "QRCatcher/QRCodeCodec.m";
"sourceTree" = "<group>";
};
"87D0C102B9824FE4C518A413" = {
"isa" = "PBXBuildFile";
"fileRef" = "9DBD0C334ADE477406BFE7E9";
};
"2F49F3CDD9789BF4FC510E7D" = {
"isa" = "PBXFileReference";
"lastKnownFileType" = "sourcecode.c.h";
"path" = "QRCatcher/QRHistoryStore.h";
"sourceTree" = "<group>";
};
"DD4A437A43B7B87B21CD1BCC" = {
"isa" = "PBXFileReference";
"lastKnownFileType" = "sourcecode.c.objc";
"path" = "QRCatcher/QRHistoryStore.m";
"sourceTree" = "<group>";
};
"271326F45D34CF1DF1ED1F53" = {
"isa" = "PBXBuildFile";
"fileRef" = "DD4A437A43B7B87B21CD1BCC";
};
"B45456B5F539DB4735AD236B" = {
"isa" = "PBXFileReference";
"lastKnownFileType" = "sourcecode.c.h";
"path" = "QRCatcher/QRPadSplitViewController.h";
"sourceTree" = "<group>";
};
"3957D957221968D7E505FF26" = {
"isa" = "PBXFileReference";
"lastKnownFileType" = "sourcecode.c.objc";
"path" = "QRCatcher/QRPadSplitViewController.m";
"sourceTree" = "<group>";
};
"4313532CC32F4A43677C236C" = {
"isa" = "PBXBuildFile";
"fileRef" = "3957D957221968D7E505FF26";
};
"03FAF0F6CBF902A3C3CF0A57" = {
"isa" = "PBXFileReference";
"lastKnownFileType" = "sourcecode.c.h";
"path" = "QRCatcher/QRPrivacyViewController.h";
"sourceTree" = "<group>";
};
"1D753B5D624E3874D2488534" = {
"isa" = "PBXFileReference";
"lastKnownFileType" = "sourcecode.c.objc";
"path" = "QRCatcher/QRPrivacyViewController.m";
"sourceTree" = "<group>";
};
"1C11C1AA369F70B98B81C17A" = {
"isa" = "PBXBuildFile";
"fileRef" = "1D753B5D624E3874D2488534";
};
"318F00B69AFE10B6A7B8E22B" = {
"isa" = "PBXFileReference";
"lastKnownFileType" = "sourcecode.c.h";
"path" = "QRCatcher/QRTabBar.h";
"sourceTree" = "<group>";
};
"8061E8FD1DA51C6B77E9A9EA" = {
"isa" = "PBXFileReference";
"lastKnownFileType" = "sourcecode.c.objc";
"path" = "QRCatcher/QRTabBar.m";
"sourceTree" = "<group>";
};
"CA335861C76D1A0B403F1717" = {
"isa" = "PBXBuildFile";
"fileRef" = "8061E8FD1DA51C6B77E9A9EA";
};
"0D31E20D76F3E0908EA17003" = {
"isa" = "PBXFileReference";
"lastKnownFileType" = "sourcecode.c.h";
"path" = "QRCatcher/QRURLTableViewCell.h";
"sourceTree" = "<group>";
};
"B24BF5761B1619C71A7415A0" = {
"isa" = "PBXFileReference";
"lastKnownFileType" = "sourcecode.c.objc";
"path" = "QRCatcher/QRURLTableViewCell.m";
"sourceTree" = "<group>";
};
"BE20B1C707A2A5BF9D92F3E0" = {
"isa" = "PBXBuildFile";
"fileRef" = "B24BF5761B1619C71A7415A0";
};
"D210E9A485AB2095DABE19D3" = {
"isa" = "PBXFileReference";
"lastKnownFileType" = "sourcecode.c.h";
"path" = "QRCatcher/QRURLViewController.h";
"sourceTree" = "<group>";
};
"FACC3BF26B3BDF999CA5E2C3" = {
"isa" = "PBXFileReference";
"lastKnownFileType" = "sourcecode.c.objc";
"path" = "QRCatcher/QRURLViewController.m";
"sourceTree" = "<group>";
};
"7DE8A98F4719CA6C00F02285" = {
"isa" = "PBXBuildFile";
"fileRef" = "FACC3BF26B3BDF999CA5E2C3";
};
"85F13B1F93067746FC711EF2" = {
"isa" = "PBXFileReference";
"lastKnownFileType" = "sourcecode.c.h";
"path" = "QRCatcher/SceneDelegate.h";
"sourceTree" = "<group>";
};
"F22D731966C0253207FB6DBC" = {
"isa" = "PBXFileReference";
"lastKnownFileType" = "sourcecode.c.objc";
"path" = "QRCatcher/SceneDelegate.m";
"sourceTree" = "<group>";
};
"0E7893583505F1CD37F79F36" = {
"isa" = "PBXBuildFile";
"fileRef" = "F22D731966C0253207FB6DBC";
};
"2BF3C46EF43D51E09DC4D0F9" = {
"isa" = "PBXFileReference";
"lastKnownFileType" = "sourcecode.c.h";
"path" = "QRCatcher/URLEntity.h";
"sourceTree" = "<group>";
};
"EB43B61DB5507E17B74C7D07" = {
"isa" = "PBXFileReference";
"lastKnownFileType" = "sourcecode.c.objc";
"path" = "QRCatcher/URLEntity.m";
"sourceTree" = "<group>";
};
"E845CA8D4126BB948EA24CED" = {
"isa" = "PBXBuildFile";
"fileRef" = "EB43B61DB5507E17B74C7D07";
};
"A19C3C4ADC73EB08EF9558F3" = {
"isa" = "PBXFileReference";
"lastKnownFileType" = "sourcecode.c.objc";
"path" = "QRCatcher/main.m";
"sourceTree" = "<group>";
};
"355093F0E9C8994D4FA1038D" = {
"isa" = "PBXBuildFile";
"fileRef" = "A19C3C4ADC73EB08EF9558F3";
};
"621B765F72F302A8A52785DA" = {
"isa" = "PBXFileReference";
"lastKnownFileType" = "wrapper.xcdatamodeld";
"path" = "QRCatcher/QR.xcdatamodeld";
"sourceTree" = "<group>";
};
"951B841214A878ABBE70B631" = {
"isa" = "PBXBuildFile";
"fileRef" = "621B765F72F302A8A52785DA";
};
"E12154C29FCC8A03034219F5" = {
"isa" = "PBXFileReference";
"lastKnownFileType" = "text.plist.strings";
"name" = "zh-Hans";
"path" = "QRCatcher/zh-Hans.lproj/Localizable.strings";
"sourceTree" = "<group>";
};
"B4F9001FEF5406956D64F3DB" = {
"isa" = "PBXVariantGroup";
"children" = ("E12154C29FCC8A03034219F5");
"name" = "Localizable.strings";
"sourceTree" = "<group>";
};
"0A68BF60A4C62B98EDB2D93C" = {
"isa" = "PBXBuildFile";
"fileRef" = "B4F9001FEF5406956D64F3DB";
};
"8182B2E802A8AEA494385039" = {
"isa" = "PBXFileReference";
"lastKnownFileType" = "text.plist.strings";
"name" = "zh-Hans";
"path" = "QRCatcher/zh-Hans.lproj/InfoPlist.strings";
"sourceTree" = "<group>";
};
"81C7B96EA3173C0C3B4C8FDC" = {
"isa" = "PBXVariantGroup";
"children" = ("8182B2E802A8AEA494385039");
"name" = "InfoPlist.strings";
"sourceTree" = "<group>";
};
"B9FC0A85A4D769708E6B53BE" = {
"isa" = "PBXBuildFile";
"fileRef" = "81C7B96EA3173C0C3B4C8FDC";
};
"DB6B3C72B0DBB8FD7DC35996" = {
"isa" = "PBXFileReference";
"lastKnownFileType" = "folder.assetcatalog";
"path" = "QRCatcher/Images.xcassets";
"sourceTree" = "<group>";
};
"EF4946C81E992BCF04E06B28" = {
"isa" = "PBXBuildFile";
"fileRef" = "DB6B3C72B0DBB8FD7DC35996";
};
"3083EC51C7EB8C3A06DE782B" = {
"isa" = "PBXFileReference";
"lastKnownFileType" = "file.xib";
"path" = "QRCatcher/Base.lproj/LaunchScreen.xib";
"sourceTree" = "<group>";
};
"574348E22E80EF161E7F7EDC" = {
"isa" = "PBXBuildFile";
"fileRef" = "3083EC51C7EB8C3A06DE782B";
};
"218C042A865DFC754A67EFC0" = {
"isa" = "PBXFileReference";
"lastKnownFileType" = "text.xml";
"path" = "QRCatcher/PrivacyInfo.xcprivacy";
"sourceTree" = "<group>";
};
"1B04573B35B1E9AC13531FBF" = {
"isa" = "PBXBuildFile";
"fileRef" = "218C042A865DFC754A67EFC0";
};
"E6FC57C251E9E1BEC1D3C0D2" = {
"isa" = "PBXFileReference";
"explicitFileType" = "wrapper.application";
"includeInIndex" = 0;
"path" = "QRCatcher.app";
"sourceTree" = "BUILT_PRODUCTS_DIR";
};
"3A2A88DEEFF3D1D23E496597" = {
"isa" = "PBXGroup";
"children" = ("768A3FF69F7211E2E0C56F98","CA802BF6CC0107AF5A2DBFF3","9E8D584597A033EE5FDE5655","C5997679FF81405B37D7300D","6A58DA3C8FA057EA921E9DFD","6F367D57990C0A68637267EC","5A4421732054B730F34BAF4C","80C650C6F90F9E173F952199","791C20ADBA0548AE396498A9","42BD4028C9B93AA2F483BC6A","08EE836E94CB10F22213169D","9DBD0C334ADE477406BFE7E9","2F49F3CDD9789BF4FC510E7D","B45456B5F539DB4735AD236B","3957D957221968D7E505FF26","03FAF0F6CBF902A3C3CF0A57","1D753B5D624E3874D2488534","318F00B69AFE10B6A7B8E22B","8061E8FD1DA51C6B77E9A9EA","0D31E20D76F3E0908EA17003","B24BF5761B1619C71A7415A0","D210E9A485AB2095DABE19D3","FACC3BF26B3BDF999CA5E2C3","85F13B1F93067746FC711EF2","F22D731966C0253207FB6DBC","2BF3C46EF43D51E09DC4D0F9","A19C3C4ADC73EB08EF9558F3","B4F9001FEF5406956D64F3DB","81C7B96EA3173C0C3B4C8FDC","DB6B3C72B0DBB8FD7DC35996","3083EC51C7EB8C3A06DE782B");
"name" = "QRCatcher";
"sourceTree" = "<group>";
};
"E9B2E96ABC5F6856F2BE79CF" = {
"isa" = "XCBuildConfiguration";
"buildSettings" = {
"HEADER_SEARCH_PATHS" = ("$(SRCROOT)/QRCatcher","$(SRCROOT)/Shared/Domain","$(SRCROOT)/Shared/Image");
"PRODUCT_NAME" = "$(TARGET_NAME)";
"PRODUCT_BUNDLE_IDENTIFIER" = "100mango.QRCatcher";
"CODE_SIGN_STYLE" = "Automatic";
"TARGETED_DEVICE_FAMILY" = "1,2";
"LD_RUNPATH_SEARCH_PATHS" = "$(inherited) @executable_path/Frameworks @loader_path/Frameworks";
"INFOPLIST_FILE" = "QRCatcher/Info.plist";
"ASSETCATALOG_COMPILER_APPICON_NAME" = "AppIcon";
"MARKETING_VERSION" = "1.1";
"CURRENT_PROJECT_VERSION" = "2";
"GCC_PREPROCESSOR_DEFINITIONS" = ("DEBUG=1","$(inherited)");
"GCC_OPTIMIZATION_LEVEL" = "0";
"ONLY_ACTIVE_ARCH" = "YES";
"GCC_SYMBOLS_PRIVATE_EXTERN" = "NO";
"ENABLE_TESTABILITY" = "YES";
"SWIFT_OPTIMIZATION_LEVEL" = "-Onone";
"SWIFT_ACTIVE_COMPILATION_CONDITIONS" = "DEBUG";
};
"name" = "Debug";
};
"5A8C91857F674E16E2724F47" = {
"isa" = "XCBuildConfiguration";
"buildSettings" = {
"HEADER_SEARCH_PATHS" = ("$(SRCROOT)/QRCatcher","$(SRCROOT)/Shared/Domain","$(SRCROOT)/Shared/Image");
"PRODUCT_NAME" = "$(TARGET_NAME)";
"PRODUCT_BUNDLE_IDENTIFIER" = "100mango.QRCatcher";
"CODE_SIGN_STYLE" = "Automatic";
"TARGETED_DEVICE_FAMILY" = "1,2";
"LD_RUNPATH_SEARCH_PATHS" = "$(inherited) @executable_path/Frameworks @loader_path/Frameworks";
"INFOPLIST_FILE" = "QRCatcher/Info.plist";
"ASSETCATALOG_COMPILER_APPICON_NAME" = "AppIcon";
"MARKETING_VERSION" = "1.1";
"CURRENT_PROJECT_VERSION" = "2";
"GCC_OPTIMIZATION_LEVEL" = "s";
"VALIDATE_PRODUCT" = "YES";
};
"name" = "Release";
};
"F37922C48DA5978D02C9E50E" = {
"isa" = "XCConfigurationList";
"buildConfigurations" = ("E9B2E96ABC5F6856F2BE79CF","5A8C91857F674E16E2724F47");
"defaultConfigurationIsVisible" = 0;
"defaultConfigurationName" = "Release";
};
"2D764CD838DB39F040AA7EC4" = {
"isa" = "PBXSourcesBuildPhase";
"buildActionMask" = 2147483647;
"files" = ("4E491B841D544FD9B037C269","9B800BA5FDFFBACCA8FB989A","FD0F6C684C129199F6E167D3","2A2DFF9A02C6620082133D49","7A7DC5708785165109EFEFE3","21E1CB4EB9BB9645282180FF","B9EDB420935C80B9E733A8D7","85A48CE545F0CC26C53C6DE2","87D0C102B9824FE4C518A413","271326F45D34CF1DF1ED1F53","4313532CC32F4A43677C236C","1C11C1AA369F70B98B81C17A","CA335861C76D1A0B403F1717","BE20B1C707A2A5BF9D92F3E0","7DE8A98F4719CA6C00F02285","0E7893583505F1CD37F79F36","E845CA8D4126BB948EA24CED","355093F0E9C8994D4FA1038D","951B841214A878ABBE70B631");
"runOnlyForDeploymentPostprocessing" = 0;
};
"12384B5908BE5FE5B3301CEE" = {
"isa" = "PBXFrameworksBuildPhase";
"buildActionMask" = 2147483647;
"files" = ();
"runOnlyForDeploymentPostprocessing" = 0;
};
"06F5DC629BD46AAFD46564D1" = {
"isa" = "PBXResourcesBuildPhase";
"buildActionMask" = 2147483647;
"files" = ("0A68BF60A4C62B98EDB2D93C","B9FC0A85A4D769708E6B53BE","EF4946C81E992BCF04E06B28","574348E22E80EF161E7F7EDC","1B04573B35B1E9AC13531FBF");
"runOnlyForDeploymentPostprocessing" = 0;
};
"7D1043473D55BFA90E8530D3" = {
"isa" = "PBXNativeTarget";
"buildConfigurationList" = "F37922C48DA5978D02C9E50E";
"buildPhases" = ("2D764CD838DB39F040AA7EC4","12384B5908BE5FE5B3301CEE","06F5DC629BD46AAFD46564D1");
"buildRules" = ();
"dependencies" = ();
"name" = "QRCatcher";
"productName" = "QRCatcher";
"productReference" = "E6FC57C251E9E1BEC1D3C0D2";
"productType" = "com.apple.product-type.application";
};
"D54C51E99C8E7070FDC374D9" = {
"isa" = "PBXFileReference";
"explicitFileType" = "wrapper.cfbundle";
"includeInIndex" = 0;
"path" = "QRCatcherTests.xctest";
"sourceTree" = "BUILT_PRODUCTS_DIR";
};
"36F397FF869A593E9351A69D" = {
"isa" = "PBXFileReference";
"lastKnownFileType" = "sourcecode.c.objc";
"path" = "QRCatcherTests/QRCatcherTests.m";
"sourceTree" = "<group>";
};
"F85508C1E1B220668F237968" = {
"isa" = "PBXBuildFile";
"fileRef" = "36F397FF869A593E9351A69D";
};
"A8C5DBBEA6D0633F14A6EB7D" = {
"isa" = "PBXFileReference";
"lastKnownFileType" = "image.png";
"path" = "Tests/Fixtures/ascii.png";
"sourceTree" = "<group>";
};
"5BCF4405E5C253C0C524FA17" = {
"isa" = "PBXBuildFile";
"fileRef" = "A8C5DBBEA6D0633F14A6EB7D";
};
"50203320B98AC268A604A143" = {
"isa" = "PBXFileReference";
"lastKnownFileType" = "image.png";
"path" = "Tests/Fixtures/unicode.png";
"sourceTree" = "<group>";
};
"6AB2806891D90E2AEB3F3FDF" = {
"isa" = "PBXBuildFile";
"fileRef" = "50203320B98AC268A604A143";
};
"25DF5EBDD75C418828E50F3B" = {
"isa" = "PBXFileReference";
"lastKnownFileType" = "image.png";
"path" = "Tests/Fixtures/rotated.png";
"sourceTree" = "<group>";
};
"3B61A36BDB83DCCB0B1BBEF2" = {
"isa" = "PBXBuildFile";
"fileRef" = "25DF5EBDD75C418828E50F3B";
};
"B3AF088BDD30B4EF1E7D585E" = {
"isa" = "PBXFileReference";
"lastKnownFileType" = "image.png";
"path" = "Tests/Fixtures/invalid.png";
"sourceTree" = "<group>";
};
"D296BA950C5A541FA5F60206" = {
"isa" = "PBXBuildFile";
"fileRef" = "B3AF088BDD30B4EF1E7D585E";
};
"A264F23D1FC6F121534F2DD8" = {
"isa" = "PBXFileReference";
"lastKnownFileType" = "image.png";
"path" = "Tests/Fixtures/multiple.png";
"sourceTree" = "<group>";
};
"CEDA059AEEDAB7A4CCFBC7F9" = {
"isa" = "PBXBuildFile";
"fileRef" = "A264F23D1FC6F121534F2DD8";
};
"52606C9CA499E9BE9CBF72E0" = {
"isa" = "PBXContainerItemProxy";
"containerPortal" = "98F54143AB4E86B28C3AFEE0";
"proxyType" = 1;
"remoteGlobalIDString" = "7D1043473D55BFA90E8530D3";
"remoteInfo" = "QRCatcher";
};
"2601754192FDB04563C80EF6" = {
"isa" = "PBXTargetDependency";
"target" = "7D1043473D55BFA90E8530D3";
"targetProxy" = "52606C9CA499E9BE9CBF72E0";
};
"51650DEF7695728F6DA78822" = {
"isa" = "PBXGroup";
"children" = ("36F397FF869A593E9351A69D");
"name" = "QRCatcherTests";
"sourceTree" = "<group>";
};
"AEE072417D1ABB34757C5072" = {
"isa" = "XCBuildConfiguration";
"buildSettings" = {
"HEADER_SEARCH_PATHS" = ("$(SRCROOT)/QRCatcher","$(SRCROOT)/Shared/Domain","$(SRCROOT)/Shared/Image");
"PRODUCT_NAME" = "$(TARGET_NAME)";
"PRODUCT_BUNDLE_IDENTIFIER" = "100mango.QRCatcherTests";
"CODE_SIGN_STYLE" = "Automatic";
"TARGETED_DEVICE_FAMILY" = "1,2";
"LD_RUNPATH_SEARCH_PATHS" = "$(inherited) @executable_path/Frameworks @loader_path/Frameworks";
"GENERATE_INFOPLIST_FILE" = "YES";
"IPHONEOS_DEPLOYMENT_TARGET" = "17.0";
"TEST_HOST" = "$(BUILT_PRODUCTS_DIR)/QRCatcher.app/QRCatcher";
"BUNDLE_LOADER" = "$(TEST_HOST)";
"GCC_PREPROCESSOR_DEFINITIONS" = ("DEBUG=1","$(inherited)");
"GCC_OPTIMIZATION_LEVEL" = "0";
"ONLY_ACTIVE_ARCH" = "YES";
"GCC_SYMBOLS_PRIVATE_EXTERN" = "NO";
"ENABLE_TESTABILITY" = "YES";
"SWIFT_OPTIMIZATION_LEVEL" = "-Onone";
"SWIFT_ACTIVE_COMPILATION_CONDITIONS" = "DEBUG";
};
"name" = "Debug";
};
"9BB52494F7CCFD3DFCED98B0" = {
"isa" = "XCBuildConfiguration";
"buildSettings" = {
"HEADER_SEARCH_PATHS" = ("$(SRCROOT)/QRCatcher","$(SRCROOT)/Shared/Domain","$(SRCROOT)/Shared/Image");
"PRODUCT_NAME" = "$(TARGET_NAME)";
"PRODUCT_BUNDLE_IDENTIFIER" = "100mango.QRCatcherTests";
"CODE_SIGN_STYLE" = "Automatic";
"TARGETED_DEVICE_FAMILY" = "1,2";
"LD_RUNPATH_SEARCH_PATHS" = "$(inherited) @executable_path/Frameworks @loader_path/Frameworks";
"GENERATE_INFOPLIST_FILE" = "YES";
"IPHONEOS_DEPLOYMENT_TARGET" = "17.0";
"TEST_HOST" = "$(BUILT_PRODUCTS_DIR)/QRCatcher.app/QRCatcher";
"BUNDLE_LOADER" = "$(TEST_HOST)";
"GCC_OPTIMIZATION_LEVEL" = "s";
"VALIDATE_PRODUCT" = "YES";
};
"name" = "Release";
};
"1CFE6A91BF52E5FF8034C1C0" = {
"isa" = "XCConfigurationList";
"buildConfigurations" = ("AEE072417D1ABB34757C5072","9BB52494F7CCFD3DFCED98B0");
"defaultConfigurationIsVisible" = 0;
"defaultConfigurationName" = "Release";
};
"7F34CEAFE72E44351973DF8F" = {
"isa" = "PBXSourcesBuildPhase";
"buildActionMask" = 2147483647;
"files" = ("F85508C1E1B220668F237968");
"runOnlyForDeploymentPostprocessing" = 0;
};
"3B25E3DED0E8C2BC3207E0DD" = {
"isa" = "PBXFrameworksBuildPhase";
"buildActionMask" = 2147483647;
"files" = ();
"runOnlyForDeploymentPostprocessing" = 0;
};
"72AE59ECFC0C412EC8E74D63" = {
"isa" = "PBXResourcesBuildPhase";
"buildActionMask" = 2147483647;
"files" = ("5BCF4405E5C253C0C524FA17","6AB2806891D90E2AEB3F3FDF","3B61A36BDB83DCCB0B1BBEF2","D296BA950C5A541FA5F60206","CEDA059AEEDAB7A4CCFBC7F9");
"runOnlyForDeploymentPostprocessing" = 0;
};
"0DF9EEA0BAD5A55395DB9EC2" = {
"isa" = "PBXNativeTarget";
"buildConfigurationList" = "1CFE6A91BF52E5FF8034C1C0";
"buildPhases" = ("7F34CEAFE72E44351973DF8F","3B25E3DED0E8C2BC3207E0DD","72AE59ECFC0C412EC8E74D63");
"buildRules" = ();
"dependencies" = ("2601754192FDB04563C80EF6");
"name" = "QRCatcherTests";
"productName" = "QRCatcherTests";
"productReference" = "D54C51E99C8E7070FDC374D9";
"productType" = "com.apple.product-type.bundle.unit-test";
};
"B58968AD397FA1A20599C9F3" = {
"isa" = "PBXFileReference";
"explicitFileType" = "wrapper.cfbundle";
"includeInIndex" = 0;
"path" = "QRCatcherUITests.xctest";
"sourceTree" = "BUILT_PRODUCTS_DIR";
};
"B6FEF684C484551694B1ED90" = {
"isa" = "PBXFileReference";
"lastKnownFileType" = "sourcecode.c.objc";
"path" = "QRCatcherUITests/QRCatcherPadUITests.m";
"sourceTree" = "<group>";
};
"48D6E1C13B2B1E19A68A62B2" = {
"isa" = "PBXBuildFile";
"fileRef" = "B6FEF684C484551694B1ED90";
};
"3D3F92A8A700EB968D31723A" = {
"isa" = "PBXFileReference";
"lastKnownFileType" = "sourcecode.c.objc";
"path" = "QRCatcherUITests/QRCatcherUITests.m";
"sourceTree" = "<group>";
};
"FD201EB9F05CD7AE1606BAC6" = {
"isa" = "PBXBuildFile";
"fileRef" = "3D3F92A8A700EB968D31723A";
};
"DC81A1167233FC404FD46B40" = {
"isa" = "PBXContainerItemProxy";
"containerPortal" = "98F54143AB4E86B28C3AFEE0";
"proxyType" = 1;
"remoteGlobalIDString" = "7D1043473D55BFA90E8530D3";
"remoteInfo" = "QRCatcher";
};
"655155E16B7E441A9189F8CC" = {
"isa" = "PBXTargetDependency";
"target" = "7D1043473D55BFA90E8530D3";
"targetProxy" = "DC81A1167233FC404FD46B40";
};
"16678A1132D56F73C968CC5A" = {
"isa" = "PBXGroup";
"children" = ("B6FEF684C484551694B1ED90","3D3F92A8A700EB968D31723A");
"name" = "QRCatcherUITests";
"sourceTree" = "<group>";
};
"94C1D7A82E2F92E70C5BA5D8" = {
"isa" = "XCBuildConfiguration";
"buildSettings" = {
"HEADER_SEARCH_PATHS" = ("$(SRCROOT)/QRCatcher","$(SRCROOT)/Shared/Domain","$(SRCROOT)/Shared/Image");
"PRODUCT_NAME" = "$(TARGET_NAME)";
"PRODUCT_BUNDLE_IDENTIFIER" = "100mango.QRCatcherUITests";
"CODE_SIGN_STYLE" = "Automatic";
"TARGETED_DEVICE_FAMILY" = "1,2";
"LD_RUNPATH_SEARCH_PATHS" = "$(inherited) @executable_path/Frameworks @loader_path/Frameworks";
"GENERATE_INFOPLIST_FILE" = "YES";
"IPHONEOS_DEPLOYMENT_TARGET" = "17.0";
"TEST_TARGET_NAME" = "QRCatcher";
"GCC_PREPROCESSOR_DEFINITIONS" = ("DEBUG=1","$(inherited)");
"GCC_OPTIMIZATION_LEVEL" = "0";
"ONLY_ACTIVE_ARCH" = "YES";
"GCC_SYMBOLS_PRIVATE_EXTERN" = "NO";
"ENABLE_TESTABILITY" = "YES";
"SWIFT_OPTIMIZATION_LEVEL" = "-Onone";
"SWIFT_ACTIVE_COMPILATION_CONDITIONS" = "DEBUG";
};
"name" = "Debug";
};
"9609A256A79253DD705A918E" = {
"isa" = "XCBuildConfiguration";
"buildSettings" = {
"HEADER_SEARCH_PATHS" = ("$(SRCROOT)/QRCatcher","$(SRCROOT)/Shared/Domain","$(SRCROOT)/Shared/Image");
"PRODUCT_NAME" = "$(TARGET_NAME)";
"PRODUCT_BUNDLE_IDENTIFIER" = "100mango.QRCatcherUITests";
"CODE_SIGN_STYLE" = "Automatic";
"TARGETED_DEVICE_FAMILY" = "1,2";
"LD_RUNPATH_SEARCH_PATHS" = "$(inherited) @executable_path/Frameworks @loader_path/Frameworks";
"GENERATE_INFOPLIST_FILE" = "YES";
"IPHONEOS_DEPLOYMENT_TARGET" = "17.0";
"TEST_TARGET_NAME" = "QRCatcher";
"GCC_OPTIMIZATION_LEVEL" = "s";
"VALIDATE_PRODUCT" = "YES";
};
"name" = "Release";
};
"2C89FC06BA9452D155609FB8" = {
"isa" = "XCConfigurationList";
"buildConfigurations" = ("94C1D7A82E2F92E70C5BA5D8","9609A256A79253DD705A918E");
"defaultConfigurationIsVisible" = 0;
"defaultConfigurationName" = "Release";
};
"163D39D31938BBA478C0E98C" = {
"isa" = "PBXSourcesBuildPhase";
"buildActionMask" = 2147483647;
"files" = ("48D6E1C13B2B1E19A68A62B2","FD201EB9F05CD7AE1606BAC6");
"runOnlyForDeploymentPostprocessing" = 0;
};
"05A219E03BBB2EF083AE1853" = {
"isa" = "PBXFrameworksBuildPhase";
"buildActionMask" = 2147483647;
"files" = ();
"runOnlyForDeploymentPostprocessing" = 0;
};
"5EB9CCB577FB52F9372C4A07" = {
"isa" = "PBXResourcesBuildPhase";
"buildActionMask" = 2147483647;
"files" = ();
"runOnlyForDeploymentPostprocessing" = 0;
};
"636117B25F17DA7E91194E09" = {
"isa" = "PBXNativeTarget";
"buildConfigurationList" = "2C89FC06BA9452D155609FB8";
"buildPhases" = ("163D39D31938BBA478C0E98C","05A219E03BBB2EF083AE1853","5EB9CCB577FB52F9372C4A07");
"buildRules" = ();
"dependencies" = ("655155E16B7E441A9189F8CC");
"name" = "QRCatcherUITests";
"productName" = "QRCatcherUITests";
"productReference" = "B58968AD397FA1A20599C9F3";
"productType" = "com.apple.product-type.bundle.ui-testing";
};
"7732347C4E6FB5542BA05AC9" = {
"isa" = "PBXFileReference";
"explicitFileType" = "wrapper.application";
"includeInIndex" = 0;
"path" = "QRCatcherMac.app";
"sourceTree" = "BUILT_PRODUCTS_DIR";
};
"3F0F64C36D736D3143CC40CE" = {
"isa" = "PBXFileReference";
"lastKnownFileType" = "sourcecode.swift";
"path" = "QRCatcherMac/MacCamera.swift";
"sourceTree" = "<group>";
};
"8E32D4C73271D3998869B56B" = {
"isa" = "PBXBuildFile";
"fileRef" = "3F0F64C36D736D3143CC40CE";
};
"D35798B414237512D8BA4BF0" = {
"isa" = "PBXFileReference";
"lastKnownFileType" = "sourcecode.swift";
"path" = "QRCatcherMac/MacHistory.swift";
"sourceTree" = "<group>";
};
"D73C10694522D43D26B759C8" = {
"isa" = "PBXBuildFile";
"fileRef" = "D35798B414237512D8BA4BF0";
};
"0ADEE6BD9C641DD592878806" = {
"isa" = "PBXFileReference";
"lastKnownFileType" = "sourcecode.swift";
"path" = "QRCatcherMac/MacLocalization.swift";
"sourceTree" = "<group>";
};
"0000E00D492245F3D87B5911" = {
"isa" = "PBXBuildFile";
"fileRef" = "0ADEE6BD9C641DD592878806";
};
"CCAE3FEF80AB87C9C9D01450" = {
"isa" = "PBXFileReference";
"lastKnownFileType" = "sourcecode.swift";
"path" = "QRCatcherMac/MacMainView.swift";
"sourceTree" = "<group>";
};
"AF57C3A7B3D90DC8116CAE7D" = {
"isa" = "PBXBuildFile";
"fileRef" = "CCAE3FEF80AB87C9C9D01450";
};
"6A69186CF15960F05C2CAB5C" = {
"isa" = "PBXFileReference";
"lastKnownFileType" = "sourcecode.swift";
"path" = "QRCatcherMac/MacWorkspace.swift";
"sourceTree" = "<group>";
};
"8B512853F1B60F94309608EF" = {
"isa" = "PBXBuildFile";
"fileRef" = "6A69186CF15960F05C2CAB5C";
};
"AF2CF6477AE94F75A3D40BD6" = {
"isa" = "PBXFileReference";
"lastKnownFileType" = "sourcecode.swift";
"path" = "QRCatcherMac/QRCatcherMacApp.swift";
"sourceTree" = "<group>";
};
"535AACE02ADC5D9F5473D10A" = {
"isa" = "PBXBuildFile";
"fileRef" = "AF2CF6477AE94F75A3D40BD6";
};
"AC39840EF4D7C81145778D8A" = {
"isa" = "PBXFileReference";
"lastKnownFileType" = "folder.assetcatalog";
"path" = "QRCatcherMac/Assets.xcassets";
"sourceTree" = "<group>";
};
"8C1CC4EC7FC68A6C8583A4FF" = {
"isa" = "PBXBuildFile";
"fileRef" = "AC39840EF4D7C81145778D8A";
};
"C1FD5EAC370747984AEADBE5" = {
"isa" = "PBXFileReference";
"lastKnownFileType" = "text.plist.strings";
"name" = "zh-Hans";
"path" = "QRCatcherMac/zh-Hans.lproj/Localizable.strings";
"sourceTree" = "<group>";
};
"FEA19A73DDDF85DFC85F47C9" = {
"isa" = "PBXVariantGroup";
"children" = ("C1FD5EAC370747984AEADBE5");
"name" = "Localizable.strings";
"sourceTree" = "<group>";
};
"112A576504AECF4E0838EE64" = {
"isa" = "PBXBuildFile";
"fileRef" = "FEA19A73DDDF85DFC85F47C9";
};
"FD6F38FC8E3C2AD825FA6BB2" = {
"isa" = "PBXFileReference";
"lastKnownFileType" = "text.plist.strings";
"name" = "zh-Hans";
"path" = "QRCatcherMac/zh-Hans.lproj/InfoPlist.strings";
"sourceTree" = "<group>";
};
"960D8D4FBEAD12671A81084A" = {
"isa" = "PBXVariantGroup";
"children" = ("FD6F38FC8E3C2AD825FA6BB2");
"name" = "InfoPlist.strings";
"sourceTree" = "<group>";
};
"4E3FD6272F72580F312CB8B8" = {
"isa" = "PBXBuildFile";
"fileRef" = "960D8D4FBEAD12671A81084A";
};
"0D069BD07DDE7BEE712E9AFD" = {
"isa" = "PBXGroup";
"children" = ("3F0F64C36D736D3143CC40CE","CCAE3FEF80AB87C9C9D01450","6A69186CF15960F05C2CAB5C","AF2CF6477AE94F75A3D40BD6","AC39840EF4D7C81145778D8A","FEA19A73DDDF85DFC85F47C9","960D8D4FBEAD12671A81084A");
"name" = "QRCatcherMac";
"sourceTree" = "<group>";
};
"FCEC940375E41513E5F12B9E" = {
"isa" = "XCBuildConfiguration";
"buildSettings" = {
"PRODUCT_NAME" = "$(TARGET_NAME)";
"PRODUCT_BUNDLE_IDENTIFIER" = "100mango.QRCatcher";
"SDKROOT" = "macosx";
"SUPPORTED_PLATFORMS" = "macosx";
"MACOSX_DEPLOYMENT_TARGET" = "13.0";
"SWIFT_VERSION" = "5.0";
"SWIFT_STRICT_CONCURRENCY" = "targeted";
"HEADER_SEARCH_PATHS" = ("$(SRCROOT)/QRCatcher","$(SRCROOT)/Shared/Domain","$(SRCROOT)/Shared/Image");
"LD_RUNPATH_SEARCH_PATHS" = "$(inherited) @executable_path/../Frameworks @loader_path/../Frameworks";
"CODE_SIGN_STYLE" = "Automatic";
"ENABLE_HARDENED_RUNTIME" = "NO";
"INFOPLIST_FILE" = "QRCatcherMac/Info.plist";
"ASSETCATALOG_COMPILER_APPICON_NAME" = "AppIcon";
"ASSETCATALOG_COMPILER_STANDALONE_ICON_BEHAVIOR" = "all";
"SWIFT_OBJC_BRIDGING_HEADER" = "QRCatcherMac/QRCatcherMac-Bridging-Header.h";
"MARKETING_VERSION" = "1.1";
"CURRENT_PROJECT_VERSION" = "2";
"GCC_PREPROCESSOR_DEFINITIONS" = ("DEBUG=1","$(inherited)");
"GCC_OPTIMIZATION_LEVEL" = "0";
"ONLY_ACTIVE_ARCH" = "YES";
"GCC_SYMBOLS_PRIVATE_EXTERN" = "NO";
"ENABLE_TESTABILITY" = "YES";
"SWIFT_OPTIMIZATION_LEVEL" = "-Onone";
"SWIFT_ACTIVE_COMPILATION_CONDITIONS" = "DEBUG";
};
"name" = "Debug";
};
"1109CF6EAE1A139E1319B4A7" = {
"isa" = "XCBuildConfiguration";
"buildSettings" = {
"PRODUCT_NAME" = "$(TARGET_NAME)";
"PRODUCT_BUNDLE_IDENTIFIER" = "100mango.QRCatcher";
"SDKROOT" = "macosx";
"SUPPORTED_PLATFORMS" = "macosx";
"MACOSX_DEPLOYMENT_TARGET" = "13.0";
"SWIFT_VERSION" = "5.0";
"SWIFT_STRICT_CONCURRENCY" = "targeted";
"HEADER_SEARCH_PATHS" = ("$(SRCROOT)/QRCatcher","$(SRCROOT)/Shared/Domain","$(SRCROOT)/Shared/Image");
"LD_RUNPATH_SEARCH_PATHS" = "$(inherited) @executable_path/../Frameworks @loader_path/../Frameworks";
"CODE_SIGN_STYLE" = "Automatic";
"ENABLE_HARDENED_RUNTIME" = "NO";
"INFOPLIST_FILE" = "QRCatcherMac/Info.plist";
"ASSETCATALOG_COMPILER_APPICON_NAME" = "AppIcon";
"ASSETCATALOG_COMPILER_STANDALONE_ICON_BEHAVIOR" = "all";
"SWIFT_OBJC_BRIDGING_HEADER" = "QRCatcherMac/QRCatcherMac-Bridging-Header.h";
"MARKETING_VERSION" = "1.1";
"CURRENT_PROJECT_VERSION" = "2";
"GCC_OPTIMIZATION_LEVEL" = "s";
"VALIDATE_PRODUCT" = "YES";
};
"name" = "Release";
};
"B42433DBF72A822F58D72E7C" = {
"isa" = "XCConfigurationList";
"buildConfigurations" = ("FCEC940375E41513E5F12B9E","1109CF6EAE1A139E1319B4A7");
"defaultConfigurationIsVisible" = 0;
"defaultConfigurationName" = "Release";
};
"EB058EA1A3046EF3757FC407" = {
"isa" = "PBXSourcesBuildPhase";
"buildActionMask" = 2147483647;
"files" = ("8E32D4C73271D3998869B56B","D73C10694522D43D26B759C8","0000E00D492245F3D87B5911","AF57C3A7B3D90DC8116CAE7D","8B512853F1B60F94309608EF","535AACE02ADC5D9F5473D10A","4E491B841D544FD9B037C269","9B800BA5FDFFBACCA8FB989A","FD0F6C684C129199F6E167D3","FF552536EE8CC4ED22FDA606","02A42306E88B5ACA3343004A","B629EC0139F2224428AB3864","951B841214A878ABBE70B631","271326F45D34CF1DF1ED1F53","E845CA8D4126BB948EA24CED");
"runOnlyForDeploymentPostprocessing" = 0;
};
"AE6B80E7E080D3852FD3EA4A" = {
"isa" = "PBXFrameworksBuildPhase";
"buildActionMask" = 2147483647;
"files" = ();
"runOnlyForDeploymentPostprocessing" = 0;
};
"A6EF452BE7FE7F6D4D3FB160" = {
"isa" = "PBXResourcesBuildPhase";
"buildActionMask" = 2147483647;
"files" = ("1B04573B35B1E9AC13531FBF","8C1CC4EC7FC68A6C8583A4FF","112A576504AECF4E0838EE64","4E3FD6272F72580F312CB8B8");
"runOnlyForDeploymentPostprocessing" = 0;
};
"347EAD6348E936507920C15D" = {
"isa" = "PBXNativeTarget";
"buildConfigurationList" = "B42433DBF72A822F58D72E7C";
"buildPhases" = ("EB058EA1A3046EF3757FC407","AE6B80E7E080D3852FD3EA4A","A6EF452BE7FE7F6D4D3FB160");
"buildRules" = ();
"dependencies" = ();
"name" = "QRCatcherMac";
"productName" = "QRCatcherMac";
"productReference" = "7732347C4E6FB5542BA05AC9";
"productType" = "com.apple.product-type.application";
};
"76D4016F6F8E867FCF0ED634" = {
"isa" = "PBXFileReference";
"explicitFileType" = "wrapper.cfbundle";
"includeInIndex" = 0;
"path" = "QRCatcherMacTests.xctest";
"sourceTree" = "BUILT_PRODUCTS_DIR";
};
"B864B371DEAA9BF3C39F93EA" = {
"isa" = "PBXFileReference";
"lastKnownFileType" = "sourcecode.swift";
"path" = "QRCatcherMacTests/QRCatcherMacTests.swift";
"sourceTree" = "<group>";
};
"FEB4A6F72A30DC4602CEBF9F" = {
"isa" = "PBXBuildFile";
"fileRef" = "B864B371DEAA9BF3C39F93EA";
};
"380975AE28C030726B4E8B1B" = {
"isa" = "PBXContainerItemProxy";
"containerPortal" = "98F54143AB4E86B28C3AFEE0";
"proxyType" = 1;
"remoteGlobalIDString" = "347EAD6348E936507920C15D";
"remoteInfo" = "QRCatcherMac";
};
"E186BB9CF505085425E8B7FB" = {
"isa" = "PBXTargetDependency";
"target" = "347EAD6348E936507920C15D";
"targetProxy" = "380975AE28C030726B4E8B1B";
};
"0F83F19DDE23A5191CDA9A6A" = {
"isa" = "PBXGroup";
"children" = ("B864B371DEAA9BF3C39F93EA");
"name" = "QRCatcherMacTests";
"sourceTree" = "<group>";
};
"41FBC5D93C321562B615FE54" = {
"isa" = "XCBuildConfiguration";
"buildSettings" = {
"PRODUCT_NAME" = "$(TARGET_NAME)";
"PRODUCT_BUNDLE_IDENTIFIER" = "100mango.QRCatcherMacTests";
"SDKROOT" = "macosx";
"SUPPORTED_PLATFORMS" = "macosx";
"MACOSX_DEPLOYMENT_TARGET" = "14.0";
"SWIFT_VERSION" = "5.0";
"SWIFT_STRICT_CONCURRENCY" = "targeted";
"HEADER_SEARCH_PATHS" = ("$(SRCROOT)/QRCatcher","$(SRCROOT)/Shared/Domain","$(SRCROOT)/Shared/Image");
"LD_RUNPATH_SEARCH_PATHS" = "$(inherited) @executable_path/../Frameworks @loader_path/../Frameworks";
"CODE_SIGN_STYLE" = "Automatic";
"ENABLE_HARDENED_RUNTIME" = "NO";
"GENERATE_INFOPLIST_FILE" = "YES";
"TEST_HOST" = "$(BUILT_PRODUCTS_DIR)/QRCatcherMac.app/Contents/MacOS/QRCatcherMac";
"BUNDLE_LOADER" = "$(TEST_HOST)";
"GCC_PREPROCESSOR_DEFINITIONS" = ("DEBUG=1","$(inherited)");
"GCC_OPTIMIZATION_LEVEL" = "0";
"ONLY_ACTIVE_ARCH" = "YES";
"GCC_SYMBOLS_PRIVATE_EXTERN" = "NO";
"ENABLE_TESTABILITY" = "YES";
"SWIFT_OPTIMIZATION_LEVEL" = "-Onone";
"SWIFT_ACTIVE_COMPILATION_CONDITIONS" = "DEBUG";
};
"name" = "Debug";
};
"C35638E211FF4D50E70E9B6F" = {
"isa" = "XCBuildConfiguration";
"buildSettings" = {
"PRODUCT_NAME" = "$(TARGET_NAME)";
"PRODUCT_BUNDLE_IDENTIFIER" = "100mango.QRCatcherMacTests";
"SDKROOT" = "macosx";
"SUPPORTED_PLATFORMS" = "macosx";
"MACOSX_DEPLOYMENT_TARGET" = "14.0";
"SWIFT_VERSION" = "5.0";
"SWIFT_STRICT_CONCURRENCY" = "targeted";
"HEADER_SEARCH_PATHS" = ("$(SRCROOT)/QRCatcher","$(SRCROOT)/Shared/Domain","$(SRCROOT)/Shared/Image");
"LD_RUNPATH_SEARCH_PATHS" = "$(inherited) @executable_path/../Frameworks @loader_path/../Frameworks";
"CODE_SIGN_STYLE" = "Automatic";
"ENABLE_HARDENED_RUNTIME" = "NO";
"GENERATE_INFOPLIST_FILE" = "YES";
"TEST_HOST" = "$(BUILT_PRODUCTS_DIR)/QRCatcherMac.app/Contents/MacOS/QRCatcherMac";
"BUNDLE_LOADER" = "$(TEST_HOST)";
"GCC_OPTIMIZATION_LEVEL" = "s";
"VALIDATE_PRODUCT" = "YES";
};
"name" = "Release";
};
"B9BF7D63516452E2CF54E25D" = {
"isa" = "XCConfigurationList";
"buildConfigurations" = ("41FBC5D93C321562B615FE54","C35638E211FF4D50E70E9B6F");
"defaultConfigurationIsVisible" = 0;
"defaultConfigurationName" = "Release";
};
"4DDF3BFD46FEC48B6AAC45AA" = {
"isa" = "PBXSourcesBuildPhase";
"buildActionMask" = 2147483647;
"files" = ("FEB4A6F72A30DC4602CEBF9F");
"runOnlyForDeploymentPostprocessing" = 0;
};
"99E650617D7EDB4B57981191" = {
"isa" = "PBXFrameworksBuildPhase";
"buildActionMask" = 2147483647;
"files" = ();
"runOnlyForDeploymentPostprocessing" = 0;
};
"930DC3E8FAEBB39BDD124E39" = {
"isa" = "PBXResourcesBuildPhase";
"buildActionMask" = 2147483647;
"files" = ("5BCF4405E5C253C0C524FA17","6AB2806891D90E2AEB3F3FDF","3B61A36BDB83DCCB0B1BBEF2","D296BA950C5A541FA5F60206","CEDA059AEEDAB7A4CCFBC7F9");
"runOnlyForDeploymentPostprocessing" = 0;
};
"3C81F7C6893D3FEC9F7E9CD0" = {
"isa" = "PBXNativeTarget";
"buildConfigurationList" = "B9BF7D63516452E2CF54E25D";
"buildPhases" = ("4DDF3BFD46FEC48B6AAC45AA","99E650617D7EDB4B57981191","930DC3E8FAEBB39BDD124E39");
"buildRules" = ();
"dependencies" = ("E186BB9CF505085425E8B7FB");
"name" = "QRCatcherMacTests";
"productName" = "QRCatcherMacTests";
"productReference" = "76D4016F6F8E867FCF0ED634";
"productType" = "com.apple.product-type.bundle.unit-test";
};
"DFC126E48459EB542015F60E" = {
"isa" = "PBXFileReference";
"explicitFileType" = "wrapper.cfbundle";
"includeInIndex" = 0;
"path" = "QRCatcherMacUITests.xctest";
"sourceTree" = "BUILT_PRODUCTS_DIR";
};
"48E2946AA14F57989A302E4A" = {
"isa" = "PBXFileReference";
"lastKnownFileType" = "sourcecode.swift";
"path" = "QRCatcherMacUITests/QRCatcherMacUITests.swift";
"sourceTree" = "<group>";
};
"5AFC28DC1145232415638728" = {
"isa" = "PBXBuildFile";
"fileRef" = "48E2946AA14F57989A302E4A";
};
"8E183F465506A872C55142C1" = {
"isa" = "PBXContainerItemProxy";
"containerPortal" = "98F54143AB4E86B28C3AFEE0";
"proxyType" = 1;
"remoteGlobalIDString" = "347EAD6348E936507920C15D";
"remoteInfo" = "QRCatcherMac";
};
"D5B08A72276BCDB6DA0C6FB5" = {
"isa" = "PBXTargetDependency";
"target" = "347EAD6348E936507920C15D";
"targetProxy" = "8E183F465506A872C55142C1";
};
"7DE1C2D5DAAD1FDA57F5CE43" = {
"isa" = "PBXGroup";
"children" = ("48E2946AA14F57989A302E4A");
"name" = "QRCatcherMacUITests";
"sourceTree" = "<group>";
};
"F16A4AE40C1004E19E484D51" = {
"isa" = "XCBuildConfiguration";
"buildSettings" = {
"PRODUCT_NAME" = "$(TARGET_NAME)";
"PRODUCT_BUNDLE_IDENTIFIER" = "100mango.QRCatcherMacUITests";
"SDKROOT" = "macosx";
"SUPPORTED_PLATFORMS" = "macosx";
"MACOSX_DEPLOYMENT_TARGET" = "14.0";
"SWIFT_VERSION" = "5.0";
"SWIFT_STRICT_CONCURRENCY" = "targeted";
"HEADER_SEARCH_PATHS" = ("$(SRCROOT)/QRCatcher","$(SRCROOT)/Shared/Domain","$(SRCROOT)/Shared/Image");
"LD_RUNPATH_SEARCH_PATHS" = "$(inherited) @executable_path/../Frameworks @loader_path/../Frameworks";
"CODE_SIGN_STYLE" = "Automatic";
"ENABLE_HARDENED_RUNTIME" = "NO";
"GENERATE_INFOPLIST_FILE" = "YES";
"TEST_TARGET_NAME" = "QRCatcherMac";
"GCC_PREPROCESSOR_DEFINITIONS" = ("DEBUG=1","$(inherited)");
"GCC_OPTIMIZATION_LEVEL" = "0";
"ONLY_ACTIVE_ARCH" = "YES";
"GCC_SYMBOLS_PRIVATE_EXTERN" = "NO";
"ENABLE_TESTABILITY" = "YES";
"SWIFT_OPTIMIZATION_LEVEL" = "-Onone";
"SWIFT_ACTIVE_COMPILATION_CONDITIONS" = "DEBUG";
};
"name" = "Debug";
};
"EB13075F0F0D4B9871A7BA92" = {
"isa" = "XCBuildConfiguration";
"buildSettings" = {
"PRODUCT_NAME" = "$(TARGET_NAME)";
"PRODUCT_BUNDLE_IDENTIFIER" = "100mango.QRCatcherMacUITests";
"SDKROOT" = "macosx";
"SUPPORTED_PLATFORMS" = "macosx";
"MACOSX_DEPLOYMENT_TARGET" = "14.0";
"SWIFT_VERSION" = "5.0";
"SWIFT_STRICT_CONCURRENCY" = "targeted";
"HEADER_SEARCH_PATHS" = ("$(SRCROOT)/QRCatcher","$(SRCROOT)/Shared/Domain","$(SRCROOT)/Shared/Image");
"LD_RUNPATH_SEARCH_PATHS" = "$(inherited) @executable_path/../Frameworks @loader_path/../Frameworks";
"CODE_SIGN_STYLE" = "Automatic";
"ENABLE_HARDENED_RUNTIME" = "NO";
"GENERATE_INFOPLIST_FILE" = "YES";
"TEST_TARGET_NAME" = "QRCatcherMac";
"GCC_OPTIMIZATION_LEVEL" = "s";
"VALIDATE_PRODUCT" = "YES";
};
"name" = "Release";
};
"083DD3AD96AC7C548953812E" = {
"isa" = "XCConfigurationList";
"buildConfigurations" = ("F16A4AE40C1004E19E484D51","EB13075F0F0D4B9871A7BA92");
"defaultConfigurationIsVisible" = 0;
"defaultConfigurationName" = "Release";
};
"A941FCB03F0293F5940865AB" = {
"isa" = "PBXSourcesBuildPhase";
"buildActionMask" = 2147483647;
"files" = ("5AFC28DC1145232415638728");
"runOnlyForDeploymentPostprocessing" = 0;
};
"FF8B090EEEA70AF3DBFE318F" = {
"isa" = "PBXFrameworksBuildPhase";
"buildActionMask" = 2147483647;
"files" = ();
"runOnlyForDeploymentPostprocessing" = 0;
};
"D06AB3B60537903A73FD932C" = {
"isa" = "PBXResourcesBuildPhase";
"buildActionMask" = 2147483647;
"files" = ();
"runOnlyForDeploymentPostprocessing" = 0;
};
"7CBE88B41D2B8EF802405470" = {
"isa" = "PBXNativeTarget";
"buildConfigurationList" = "083DD3AD96AC7C548953812E";
"buildPhases" = ("A941FCB03F0293F5940865AB","FF8B090EEEA70AF3DBFE318F","D06AB3B60537903A73FD932C");
"buildRules" = ();
"dependencies" = ("D5B08A72276BCDB6DA0C6FB5");
"name" = "QRCatcherMacUITests";
"productName" = "QRCatcherMacUITests";
"productReference" = "DFC126E48459EB542015F60E";
"productType" = "com.apple.product-type.bundle.ui-testing";
};
"B6C194F1C3F6CD291D67C9DE" = {
"isa" = "PBXFileReference";
"explicitFileType" = "wrapper.application";
"includeInIndex" = 0;
"path" = "QRCatcherVision.app";
"sourceTree" = "BUILT_PRODUCTS_DIR";
};
"CE7940BE3B232F73361B22A1" = {
"isa" = "PBXFileReference";
"lastKnownFileType" = "sourcecode.swift";
"path" = "QRCatcherVision/QRCatcherVisionApp.swift";
"sourceTree" = "<group>";
};
"6445CB2D650B26406D31E731" = {
"isa" = "PBXBuildFile";
"fileRef" = "CE7940BE3B232F73361B22A1";
};
"DE09EFA3E409AD69698C94E2" = {
"isa" = "PBXFileReference";
"lastKnownFileType" = "sourcecode.swift";
"path" = "QRCatcherVision/QRExportDocument.swift";
"sourceTree" = "<group>";
};
"F194E208081EA2847C8F7AFB" = {
"isa" = "PBXBuildFile";
"fileRef" = "DE09EFA3E409AD69698C94E2";
};
"11E1EC94CAE24F7FE9E57716" = {
"isa" = "PBXFileReference";
"lastKnownFileType" = "sourcecode.swift";
"path" = "QRCatcherVision/VisionMainView.swift";
"sourceTree" = "<group>";
};
"D76F449DC2F36B836AC0693C" = {
"isa" = "PBXBuildFile";
"fileRef" = "11E1EC94CAE24F7FE9E57716";
};
"E102794945D2568D58A3EDE1" = {
"isa" = "PBXFileReference";
"lastKnownFileType" = "sourcecode.swift";
"path" = "QRCatcherVision/VisionReadSession.swift";
"sourceTree" = "<group>";
};
"55C95DB0064FCD9238F0F301" = {
"isa" = "PBXBuildFile";
"fileRef" = "E102794945D2568D58A3EDE1";
};
"13616A123DFE16F188EA8519" = {
"isa" = "PBXFileReference";
"lastKnownFileType" = "text.plist.strings";
"name" = "zh-Hans";
"path" = "QRCatcherMac/zh-Hans.lproj/Localizable.strings";
"sourceTree" = "<group>";
};
"C9984E17185DF726DA75D15F" = {
"isa" = "PBXVariantGroup";
"children" = ("13616A123DFE16F188EA8519");
"name" = "Localizable.strings";
"sourceTree" = "<group>";
};
"08204367256C44A65542AFD7" = {
"isa" = "PBXBuildFile";
"fileRef" = "C9984E17185DF726DA75D15F";
};
"D7760A5FB30FEA0A99650261" = {
"isa" = "PBXGroup";
"children" = ("CE7940BE3B232F73361B22A1","DE09EFA3E409AD69698C94E2","11E1EC94CAE24F7FE9E57716","E102794945D2568D58A3EDE1","C9984E17185DF726DA75D15F");
"name" = "QRCatcherVision";
"sourceTree" = "<group>";
};
"D54CE26CBC8DD6A709394A52" = {
"isa" = "XCBuildConfiguration";
"buildSettings" = {
"PRODUCT_NAME" = "$(TARGET_NAME)";
"PRODUCT_BUNDLE_IDENTIFIER" = "100mango.QRCatcher";
"SDKROOT" = "xros";
"SUPPORTED_PLATFORMS" = "xros xrsimulator";
"TARGETED_DEVICE_FAMILY" = "7";
"XROS_DEPLOYMENT_TARGET" = "1.0";
"SWIFT_VERSION" = "5.0";
"SWIFT_STRICT_CONCURRENCY" = "targeted";
"HEADER_SEARCH_PATHS" = ("$(SRCROOT)/QRCatcher","$(SRCROOT)/Shared/Domain","$(SRCROOT)/Shared/Image");
"LD_RUNPATH_SEARCH_PATHS" = "$(inherited) @executable_path/Frameworks @loader_path/Frameworks";
"CODE_SIGN_STYLE" = "Automatic";
"INFOPLIST_FILE" = "QRCatcherVision/Info.plist";
"SWIFT_OBJC_BRIDGING_HEADER" = "QRCatcherVision/QRCatcherVision-Bridging-Header.h";
"MARKETING_VERSION" = "1.1";
"CURRENT_PROJECT_VERSION" = "2";
"GCC_PREPROCESSOR_DEFINITIONS" = ("DEBUG=1","$(inherited)");
"GCC_OPTIMIZATION_LEVEL" = "0";
"ONLY_ACTIVE_ARCH" = "YES";
"GCC_SYMBOLS_PRIVATE_EXTERN" = "NO";
"ENABLE_TESTABILITY" = "YES";
"SWIFT_OPTIMIZATION_LEVEL" = "-Onone";
"SWIFT_ACTIVE_COMPILATION_CONDITIONS" = "DEBUG";
};
"name" = "Debug";
};
"7BB219C7820FEED0949DB020" = {
"isa" = "XCBuildConfiguration";
"buildSettings" = {
"PRODUCT_NAME" = "$(TARGET_NAME)";
"PRODUCT_BUNDLE_IDENTIFIER" = "100mango.QRCatcher";
"SDKROOT" = "xros";
"SUPPORTED_PLATFORMS" = "xros xrsimulator";
"TARGETED_DEVICE_FAMILY" = "7";
"XROS_DEPLOYMENT_TARGET" = "1.0";
"SWIFT_VERSION" = "5.0";
"SWIFT_STRICT_CONCURRENCY" = "targeted";
"HEADER_SEARCH_PATHS" = ("$(SRCROOT)/QRCatcher","$(SRCROOT)/Shared/Domain","$(SRCROOT)/Shared/Image");
"LD_RUNPATH_SEARCH_PATHS" = "$(inherited) @executable_path/Frameworks @loader_path/Frameworks";
"CODE_SIGN_STYLE" = "Automatic";
"INFOPLIST_FILE" = "QRCatcherVision/Info.plist";
"SWIFT_OBJC_BRIDGING_HEADER" = "QRCatcherVision/QRCatcherVision-Bridging-Header.h";
"MARKETING_VERSION" = "1.1";
"CURRENT_PROJECT_VERSION" = "2";
"GCC_OPTIMIZATION_LEVEL" = "s";
"VALIDATE_PRODUCT" = "YES";
};
"name" = "Release";
};
"39108FC443CF0F96749D9568" = {
"isa" = "XCConfigurationList";
"buildConfigurations" = ("D54CE26CBC8DD6A709394A52","7BB219C7820FEED0949DB020");
"defaultConfigurationIsVisible" = 0;
"defaultConfigurationName" = "Release";
};
"BDF83C1C32031DE2EA607F3A" = {
"isa" = "PBXSourcesBuildPhase";
"buildActionMask" = 2147483647;
"files" = ("6445CB2D650B26406D31E731","F194E208081EA2847C8F7AFB","D76F449DC2F36B836AC0693C","55C95DB0064FCD9238F0F301","4E491B841D544FD9B037C269","9B800BA5FDFFBACCA8FB989A","FD0F6C684C129199F6E167D3","FF552536EE8CC4ED22FDA606","02A42306E88B5ACA3343004A","B629EC0139F2224428AB3864","951B841214A878ABBE70B631","271326F45D34CF1DF1ED1F53","E845CA8D4126BB948EA24CED","D73C10694522D43D26B759C8","0000E00D492245F3D87B5911");
"runOnlyForDeploymentPostprocessing" = 0;
};
"3574734E2363C00FE6ABE198" = {
"isa" = "PBXFrameworksBuildPhase";
"buildActionMask" = 2147483647;
"files" = ();
"runOnlyForDeploymentPostprocessing" = 0;
};
"579FD517E3B984846DB8FB0A" = {
"isa" = "PBXResourcesBuildPhase";
"buildActionMask" = 2147483647;
"files" = ("1B04573B35B1E9AC13531FBF","08204367256C44A65542AFD7");
"runOnlyForDeploymentPostprocessing" = 0;
};
"625F139D6CCD7576EF3ABD9D" = {
"isa" = "PBXNativeTarget";
"buildConfigurationList" = "39108FC443CF0F96749D9568";
"buildPhases" = ("BDF83C1C32031DE2EA607F3A","3574734E2363C00FE6ABE198","579FD517E3B984846DB8FB0A");
"buildRules" = ();
"dependencies" = ();
"name" = "QRCatcherVision";
"productName" = "QRCatcherVision";
"productReference" = "B6C194F1C3F6CD291D67C9DE";
"productType" = "com.apple.product-type.application";
};
"8CD7B1ED5E75F98A1896627B" = {
"isa" = "PBXFileReference";
"explicitFileType" = "wrapper.cfbundle";
"includeInIndex" = 0;
"path" = "QRCatcherVisionTests.xctest";
"sourceTree" = "BUILT_PRODUCTS_DIR";
};
"CB55315CDA5EF434550292BC" = {
"isa" = "PBXFileReference";
"lastKnownFileType" = "sourcecode.swift";
"path" = "QRCatcherVisionTests/QRCatcherVisionTests.swift";
"sourceTree" = "<group>";
};
"EA895E16F496B26E1B6C0AED" = {
"isa" = "PBXBuildFile";
"fileRef" = "CB55315CDA5EF434550292BC";
};
"43FB0E6D2D713C7FAA9C3B15" = {
"isa" = "PBXContainerItemProxy";
"containerPortal" = "98F54143AB4E86B28C3AFEE0";
"proxyType" = 1;
"remoteGlobalIDString" = "625F139D6CCD7576EF3ABD9D";
"remoteInfo" = "QRCatcherVision";
};
"6056460E115C97BAF49C0844" = {
"isa" = "PBXTargetDependency";
"target" = "625F139D6CCD7576EF3ABD9D";
"targetProxy" = "43FB0E6D2D713C7FAA9C3B15";
};
"DE4CFB18C81E3C8758C5B26E" = {
"isa" = "PBXGroup";
"children" = ("CB55315CDA5EF434550292BC");
"name" = "QRCatcherVisionTests";
"sourceTree" = "<group>";
};
"4E3D64E8589B059D2960695D" = {
"isa" = "XCBuildConfiguration";
"buildSettings" = {
"PRODUCT_NAME" = "$(TARGET_NAME)";
"PRODUCT_BUNDLE_IDENTIFIER" = "100mango.QRCatcherVisionTests";
"SDKROOT" = "xros";
"SUPPORTED_PLATFORMS" = "xros xrsimulator";
"TARGETED_DEVICE_FAMILY" = "7";
"XROS_DEPLOYMENT_TARGET" = "1.0";
"SWIFT_VERSION" = "5.0";
"SWIFT_STRICT_CONCURRENCY" = "targeted";
"HEADER_SEARCH_PATHS" = ("$(SRCROOT)/QRCatcher","$(SRCROOT)/Shared/Domain","$(SRCROOT)/Shared/Image");
"LD_RUNPATH_SEARCH_PATHS" = "$(inherited) @executable_path/Frameworks @loader_path/Frameworks";
"CODE_SIGN_STYLE" = "Automatic";
"GENERATE_INFOPLIST_FILE" = "YES";
"TEST_HOST" = "$(BUILT_PRODUCTS_DIR)/QRCatcherVision.app/QRCatcherVision";
"BUNDLE_LOADER" = "$(TEST_HOST)";
"GCC_PREPROCESSOR_DEFINITIONS" = ("DEBUG=1","$(inherited)");
"GCC_OPTIMIZATION_LEVEL" = "0";
"ONLY_ACTIVE_ARCH" = "YES";
"GCC_SYMBOLS_PRIVATE_EXTERN" = "NO";
"ENABLE_TESTABILITY" = "YES";
"SWIFT_OPTIMIZATION_LEVEL" = "-Onone";
"SWIFT_ACTIVE_COMPILATION_CONDITIONS" = "DEBUG";
};
"name" = "Debug";
};
"1EABA5A526F09B968128E72B" = {
"isa" = "XCBuildConfiguration";
"buildSettings" = {
"PRODUCT_NAME" = "$(TARGET_NAME)";
"PRODUCT_BUNDLE_IDENTIFIER" = "100mango.QRCatcherVisionTests";
"SDKROOT" = "xros";
"SUPPORTED_PLATFORMS" = "xros xrsimulator";
"TARGETED_DEVICE_FAMILY" = "7";
"XROS_DEPLOYMENT_TARGET" = "1.0";
"SWIFT_VERSION" = "5.0";
"SWIFT_STRICT_CONCURRENCY" = "targeted";
"HEADER_SEARCH_PATHS" = ("$(SRCROOT)/QRCatcher","$(SRCROOT)/Shared/Domain","$(SRCROOT)/Shared/Image");
"LD_RUNPATH_SEARCH_PATHS" = "$(inherited) @executable_path/Frameworks @loader_path/Frameworks";
"CODE_SIGN_STYLE" = "Automatic";
"GENERATE_INFOPLIST_FILE" = "YES";
"TEST_HOST" = "$(BUILT_PRODUCTS_DIR)/QRCatcherVision.app/QRCatcherVision";
"BUNDLE_LOADER" = "$(TEST_HOST)";
"GCC_OPTIMIZATION_LEVEL" = "s";
"VALIDATE_PRODUCT" = "YES";
};
"name" = "Release";
};
"33FE472CA466D376688C5A6B" = {
"isa" = "XCConfigurationList";
"buildConfigurations" = ("4E3D64E8589B059D2960695D","1EABA5A526F09B968128E72B");
"defaultConfigurationIsVisible" = 0;
"defaultConfigurationName" = "Release";
};
"E776D96E0E4909A400A11607" = {
"isa" = "PBXSourcesBuildPhase";
"buildActionMask" = 2147483647;
"files" = ("EA895E16F496B26E1B6C0AED");
"runOnlyForDeploymentPostprocessing" = 0;
};
"6DBEFF211A59D5F3EDC72724" = {
"isa" = "PBXFrameworksBuildPhase";
"buildActionMask" = 2147483647;
"files" = ();
"runOnlyForDeploymentPostprocessing" = 0;
};
"FFDDE3086C906090BB069412" = {
"isa" = "PBXResourcesBuildPhase";
"buildActionMask" = 2147483647;
"files" = ("5BCF4405E5C253C0C524FA17","6AB2806891D90E2AEB3F3FDF","3B61A36BDB83DCCB0B1BBEF2","D296BA950C5A541FA5F60206","CEDA059AEEDAB7A4CCFBC7F9");
"runOnlyForDeploymentPostprocessing" = 0;
};
"1957662D664C5F6F230ACA31" = {
"isa" = "PBXNativeTarget";
"buildConfigurationList" = "33FE472CA466D376688C5A6B";
"buildPhases" = ("E776D96E0E4909A400A11607","6DBEFF211A59D5F3EDC72724","FFDDE3086C906090BB069412");
"buildRules" = ();
"dependencies" = ("6056460E115C97BAF49C0844");
"name" = "QRCatcherVisionTests";
"productName" = "QRCatcherVisionTests";
"productReference" = "8CD7B1ED5E75F98A1896627B";
"productType" = "com.apple.product-type.bundle.unit-test";
};
"1CF92F20AF34411459E0E5BF" = {
"isa" = "PBXFileReference";
"explicitFileType" = "wrapper.cfbundle";
"includeInIndex" = 0;
"path" = "QRCatcherVisionUITests.xctest";
"sourceTree" = "BUILT_PRODUCTS_DIR";
};
"86662ECEE904DEDE5746DFBC" = {
"isa" = "PBXFileReference";
"lastKnownFileType" = "sourcecode.swift";
"path" = "QRCatcherVisionUITests/QRCatcherVisionUITests.swift";
"sourceTree" = "<group>";
};
"A9E46478D10C64974B8D5F7D" = {
"isa" = "PBXBuildFile";
"fileRef" = "86662ECEE904DEDE5746DFBC";
};
"A8023EB76A6E4DE9AFEEC398" = {
"isa" = "PBXContainerItemProxy";
"containerPortal" = "98F54143AB4E86B28C3AFEE0";
"proxyType" = 1;
"remoteGlobalIDString" = "625F139D6CCD7576EF3ABD9D";
"remoteInfo" = "QRCatcherVision";
};
"E03EFB9B026BD4525FC324F5" = {
"isa" = "PBXTargetDependency";
"target" = "625F139D6CCD7576EF3ABD9D";
"targetProxy" = "A8023EB76A6E4DE9AFEEC398";
};
"3941D63FD14289E2F83F88B8" = {
"isa" = "PBXGroup";
"children" = ("86662ECEE904DEDE5746DFBC");
"name" = "QRCatcherVisionUITests";
"sourceTree" = "<group>";
};
"64F6E47461F4ACF47EBAD338" = {
"isa" = "XCBuildConfiguration";
"buildSettings" = {
"PRODUCT_NAME" = "$(TARGET_NAME)";
"PRODUCT_BUNDLE_IDENTIFIER" = "100mango.QRCatcherVisionUITests";
"SDKROOT" = "xros";
"SUPPORTED_PLATFORMS" = "xros xrsimulator";
"TARGETED_DEVICE_FAMILY" = "7";
"XROS_DEPLOYMENT_TARGET" = "1.0";
"SWIFT_VERSION" = "5.0";
"SWIFT_STRICT_CONCURRENCY" = "targeted";
"HEADER_SEARCH_PATHS" = ("$(SRCROOT)/QRCatcher","$(SRCROOT)/Shared/Domain","$(SRCROOT)/Shared/Image");
"LD_RUNPATH_SEARCH_PATHS" = "$(inherited) @executable_path/Frameworks @loader_path/Frameworks";
"CODE_SIGN_STYLE" = "Automatic";
"GENERATE_INFOPLIST_FILE" = "YES";
"TEST_TARGET_NAME" = "QRCatcherVision";
"GCC_PREPROCESSOR_DEFINITIONS" = ("DEBUG=1","$(inherited)");
"GCC_OPTIMIZATION_LEVEL" = "0";
"ONLY_ACTIVE_ARCH" = "YES";
"GCC_SYMBOLS_PRIVATE_EXTERN" = "NO";
"ENABLE_TESTABILITY" = "YES";
"SWIFT_OPTIMIZATION_LEVEL" = "-Onone";
"SWIFT_ACTIVE_COMPILATION_CONDITIONS" = "DEBUG";
};
"name" = "Debug";
};
"ECB2B20DD7EE35D5FE7F4ABB" = {
"isa" = "XCBuildConfiguration";
"buildSettings" = {
"PRODUCT_NAME" = "$(TARGET_NAME)";
"PRODUCT_BUNDLE_IDENTIFIER" = "100mango.QRCatcherVisionUITests";
"SDKROOT" = "xros";
"SUPPORTED_PLATFORMS" = "xros xrsimulator";
"TARGETED_DEVICE_FAMILY" = "7";
"XROS_DEPLOYMENT_TARGET" = "1.0";
"SWIFT_VERSION" = "5.0";
"SWIFT_STRICT_CONCURRENCY" = "targeted";
"HEADER_SEARCH_PATHS" = ("$(SRCROOT)/QRCatcher","$(SRCROOT)/Shared/Domain","$(SRCROOT)/Shared/Image");
"LD_RUNPATH_SEARCH_PATHS" = "$(inherited) @executable_path/Frameworks @loader_path/Frameworks";
"CODE_SIGN_STYLE" = "Automatic";
"GENERATE_INFOPLIST_FILE" = "YES";
"TEST_TARGET_NAME" = "QRCatcherVision";
"GCC_OPTIMIZATION_LEVEL" = "s";
"VALIDATE_PRODUCT" = "YES";
};
"name" = "Release";
};
"0698BD48521E3038920CFEA0" = {
"isa" = "XCConfigurationList";
"buildConfigurations" = ("64F6E47461F4ACF47EBAD338","ECB2B20DD7EE35D5FE7F4ABB");
"defaultConfigurationIsVisible" = 0;
"defaultConfigurationName" = "Release";
};
"63BA0DA341A4ED6684F00860" = {
"isa" = "PBXSourcesBuildPhase";
"buildActionMask" = 2147483647;
"files" = ("A9E46478D10C64974B8D5F7D");
"runOnlyForDeploymentPostprocessing" = 0;
};
"826A600A7440C51DACA1C313" = {
"isa" = "PBXFrameworksBuildPhase";
"buildActionMask" = 2147483647;
"files" = ();
"runOnlyForDeploymentPostprocessing" = 0;
};
"57FC7B1672DF3885B0B96E10" = {
"isa" = "PBXResourcesBuildPhase";
"buildActionMask" = 2147483647;
"files" = ();
"runOnlyForDeploymentPostprocessing" = 0;
};
"ADFE9AED13406CAC1A896CA9" = {
"isa" = "PBXNativeTarget";
"buildConfigurationList" = "0698BD48521E3038920CFEA0";
"buildPhases" = ("63BA0DA341A4ED6684F00860","826A600A7440C51DACA1C313","57FC7B1672DF3885B0B96E10");
"buildRules" = ();
"dependencies" = ("E03EFB9B026BD4525FC324F5");
"name" = "QRCatcherVisionUITests";
"productName" = "QRCatcherVisionUITests";
"productReference" = "1CF92F20AF34411459E0E5BF";
"productType" = "com.apple.product-type.bundle.ui-testing";
};
"A51B995684AEC2DD04AF0056" = {
"isa" = "PBXGroup";
"children" = ("3F7FE6D81FE1D4F4E799A850","8BB039E5BB6A661CA5324D6D","63A16FE19ADC1BF5FE7BB9C1","01C646F0E5AF845D09D8CA90","6CB481FD30A5283ED0ED6756","63E59C82CD05204687BB042C","DD4A437A43B7B87B21CD1BCC","EB43B61DB5507E17B74C7D07","621B765F72F302A8A52785DA","218C042A865DFC754A67EFC0","A8C5DBBEA6D0633F14A6EB7D","50203320B98AC268A604A143","25DF5EBDD75C418828E50F3B","B3AF088BDD30B4EF1E7D585E","A264F23D1FC6F121534F2DD8","D35798B414237512D8BA4BF0","0ADEE6BD9C641DD592878806","37132CF9D3E5BE31201ED554","F4E535FB1A7F08BA622DA860","72EA1010F30CBBB0DBCCF27A");
"name" = "Shared sources and test fixtures";
"sourceTree" = "<group>";
};
"FBDC4F23F93125BBEEAE800C" = {
"isa" = "PBXGroup";
"children" = ("E6FC57C251E9E1BEC1D3C0D2","D54C51E99C8E7070FDC374D9","B58968AD397FA1A20599C9F3","7732347C4E6FB5542BA05AC9","76D4016F6F8E867FCF0ED634","DFC126E48459EB542015F60E","B6C194F1C3F6CD291D67C9DE","8CD7B1ED5E75F98A1896627B","1CF92F20AF34411459E0E5BF");
"name" = "Products";
"sourceTree" = "<group>";
};
"B28B7AF69320201D1CF206EB" = {
"isa" = "PBXGroup";
"children" = ("3A2A88DEEFF3D1D23E496597","51650DEF7695728F6DA78822","16678A1132D56F73C968CC5A","0D069BD07DDE7BEE712E9AFD","0F83F19DDE23A5191CDA9A6A","7DE1C2D5DAAD1FDA57F5CE43","D7760A5FB30FEA0A99650261","DE4CFB18C81E3C8758C5B26E","3941D63FD14289E2F83F88B8","A51B995684AEC2DD04AF0056","FBDC4F23F93125BBEEAE800C");
"sourceTree" = "<group>";
};
"89E1FD6268CC0F221A2BE178" = {
"isa" = "XCBuildConfiguration";
"buildSettings" = {
"CLANG_ENABLE_MODULES" = "YES";
"CLANG_ENABLE_OBJC_ARC" = "YES";
"CLANG_WARN_BOOL_CONVERSION" = "YES";
"CLANG_WARN_CONSTANT_CONVERSION" = "YES";
"CLANG_WARN_ENUM_CONVERSION" = "YES";
"CLANG_WARN_INT_CONVERSION" = "YES";
"CLANG_WARN_OBJC_ROOT_CLASS" = "YES_ERROR";
"GCC_WARN_ABOUT_RETURN_TYPE" = "YES_ERROR";
"GCC_WARN_UNUSED_VARIABLE" = "YES";
"IPHONEOS_DEPLOYMENT_TARGET" = "15.0";
"SDKROOT" = "iphoneos";
"ENABLE_USER_SCRIPT_SANDBOXING" = "YES";
"GCC_C_LANGUAGE_STANDARD" = "gnu11";
"CLANG_CXX_LANGUAGE_STANDARD" = "gnu++17";
"DEBUG_INFORMATION_FORMAT" = "dwarf-with-dsym";
"GCC_PREPROCESSOR_DEFINITIONS" = ("DEBUG=1","$(inherited)");
"GCC_OPTIMIZATION_LEVEL" = "0";
"ONLY_ACTIVE_ARCH" = "YES";
"GCC_SYMBOLS_PRIVATE_EXTERN" = "NO";
"ENABLE_TESTABILITY" = "YES";
"SWIFT_OPTIMIZATION_LEVEL" = "-Onone";
"SWIFT_ACTIVE_COMPILATION_CONDITIONS" = "DEBUG";
};
"name" = "Debug";
};
"E6DE6C99132752C914FEF632" = {
"isa" = "XCBuildConfiguration";
"buildSettings" = {
"CLANG_ENABLE_MODULES" = "YES";
"CLANG_ENABLE_OBJC_ARC" = "YES";
"CLANG_WARN_BOOL_CONVERSION" = "YES";
"CLANG_WARN_CONSTANT_CONVERSION" = "YES";
"CLANG_WARN_ENUM_CONVERSION" = "YES";
"CLANG_WARN_INT_CONVERSION" = "YES";
"CLANG_WARN_OBJC_ROOT_CLASS" = "YES_ERROR";
"GCC_WARN_ABOUT_RETURN_TYPE" = "YES_ERROR";
"GCC_WARN_UNUSED_VARIABLE" = "YES";
"IPHONEOS_DEPLOYMENT_TARGET" = "15.0";
"SDKROOT" = "iphoneos";
"ENABLE_USER_SCRIPT_SANDBOXING" = "YES";
"GCC_C_LANGUAGE_STANDARD" = "gnu11";
"CLANG_CXX_LANGUAGE_STANDARD" = "gnu++17";
"DEBUG_INFORMATION_FORMAT" = "dwarf-with-dsym";
"GCC_OPTIMIZATION_LEVEL" = "s";
"VALIDATE_PRODUCT" = "YES";
};
"name" = "Release";
};
"862894B703A6DEDF96A9DD6C" = {
"isa" = "XCConfigurationList";
"buildConfigurations" = ("89E1FD6268CC0F221A2BE178","E6DE6C99132752C914FEF632");
"defaultConfigurationIsVisible" = 0;
"defaultConfigurationName" = "Release";
};
"98F54143AB4E86B28C3AFEE0" = {
"isa" = "PBXProject";
"attributes" = {
"LastUpgradeCheck" = "2700";
"TargetAttributes" = {
"7D1043473D55BFA90E8530D3" = {
"CreatedOnToolsVersion" = "27.0";
};
"0DF9EEA0BAD5A55395DB9EC2" = {
"TestTargetID" = "7D1043473D55BFA90E8530D3";
};
"636117B25F17DA7E91194E09" = {
"TestTargetID" = "7D1043473D55BFA90E8530D3";
};
};
};
"buildConfigurationList" = "862894B703A6DEDF96A9DD6C";
"compatibilityVersion" = "Xcode 14.0";
"developmentRegion" = "en";
"knownRegions" = ("en","Base","zh-Hans");
"mainGroup" = "B28B7AF69320201D1CF206EB";
"productRefGroup" = "FBDC4F23F93125BBEEAE800C";
"projectDirPath" = "";
"projectRoot" = "";
"targets" = ("7D1043473D55BFA90E8530D3","0DF9EEA0BAD5A55395DB9EC2","636117B25F17DA7E91194E09","347EAD6348E936507920C15D","3C81F7C6893D3FEC9F7E9CD0","7CBE88B41D2B8EF802405470","625F139D6CCD7576EF3ABD9D","1957662D664C5F6F230ACA31","ADFE9AED13406CAC1A896CA9");
};
};
"rootObject" = "98F54143AB4E86B28C3AFEE0";
}
